
Microsoft Visual Studio Solution File, Format Version 12.00
# Visual Studio Version 17
VisualStudioVersion = 17.3.32929.385
MinimumVisualStudioVersion = 10.0.40219.1
Project("{2150E333-8FDC-42A3-9474-1A3956D46DE8}") = "Infrastructure", "Infrastructure", "{26105688-0978-4523-BD3D-84D76F1AA0A0}"
EndProject
Project("{2150E333-8FDC-42A3-9474-1A3956D46DE8}") = "Service", "Service", "{C68EAB27-C391-4C13-817A-E1917DBF38B7}"
EndProject
Project("{2150E333-8FDC-42A3-9474-1A3956D46DE8}") = "Solution Items", "Solution Items", "{39F6EA58-AAFA-4559-8854-6C2C87F06694}"
	ProjectSection(SolutionItems) = preProject
		.editorconfig = .editorconfig
		.gitignore = .gitignore
		common.main.props = common.main.props
		common.props = common.props
		common.test.benchmark.props = common.test.benchmark.props
		common.test.props = common.test.props
		common.xunit.props = common.xunit.props
		Directory.build.props = Directory.build.props
		README.md = README.md
	EndProjectSection
EndProject
Project("{9A19103F-16F7-4668-BE54-9A1E7A4F7556}") = "OneI.Utilityable.Test", "Infrastructure\OneI.Utilityable.Test\OneI.Utilityable.Test.csproj", "{6C3F60FD-FBB7-40C1-91ED-40E80615B35B}"
EndProject
Project("{2150E333-8FDC-42A3-9474-1A3956D46DE8}") = "Module", "Module", "{CFF83225-126E-4C45-9527-4EDC435248F0}"
EndProject
Project("{2150E333-8FDC-42A3-9474-1A3956D46DE8}") = "Utility", "Utility", "{C2F8B1B1-8C2A-4CE8-928A-B960041F8699}"
EndProject
Project("{9A19103F-16F7-4668-BE54-9A1E7A4F7556}") = "OneI.Moduleable.Abstractions", "Infrastructure\OneI.Moduleable.Abstractions\OneI.Moduleable.Abstractions.csproj", "{AF3DE92D-2620-4493-8C48-CFE2FDEF0892}"
EndProject
Project("{9A19103F-16F7-4668-BE54-9A1E7A4F7556}") = "OneI.Utilityable", "Infrastructure\OneI.Utilityable\OneI.Utilityable.csproj", "{112CA9CD-0ECD-4B68-9FA6-08A44574FEC9}"
EndProject
Project("{9A19103F-16F7-4668-BE54-9A1E7A4F7556}") = "OneI.Moduleable", "Infrastructure\OneI.Moduleable\OneI.Moduleable.csproj", "{CAA5B97F-C457-48C6-9ACD-FF6FD4C623D1}"
EndProject
Project("{2150E333-8FDC-42A3-9474-1A3956D46DE8}") = "Event", "Event", "{1E4550CD-DD11-4253-839A-6DEEA3A4BC8D}"
EndProject
Project("{9A19103F-16F7-4668-BE54-9A1E7A4F7556}") = "OneI.Eventable.Abstractions", "Infrastructure\OneI.Eventable.Abstractions\OneI.Eventable.Abstractions.csproj", "{4EAF993A-1508-4022-9441-F15985728E26}"
EndProject
Project("{9A19103F-16F7-4668-BE54-9A1E7A4F7556}") = "OneI.Eventable.Local", "Infrastructure\OneI.Eventable.Local\OneI.Eventable.Local.csproj", "{3AEABB18-6837-4E28-AA39-0059F63C7D3C}"
EndProject
Project("{2150E333-8FDC-42A3-9474-1A3956D46DE8}") = "Identity", "Identity", "{FB49591B-0799-4F82-A680-2AAC03555C92}"
EndProject
Project("{2150E333-8FDC-42A3-9474-1A3956D46DE8}") = "Domain", "Domain", "{F276AC72-C23B-4CA5-8A6D-25673758EC57}"
EndProject
Project("{9A19103F-16F7-4668-BE54-9A1E7A4F7556}") = "OneI.Domainable", "Infrastructure\OneI.Domainable\OneI.Domainable.csproj", "{CD56A02F-2C30-4447-BC27-FAC17F55B940}"
EndProject
Project("{9A19103F-16F7-4668-BE54-9A1E7A4F7556}") = "OneS.Identityable.Domain", "Service\OneS.Identityable.Domain\OneS.Identityable.Domain.csproj", "{642101CC-D229-4866-941D-F816BFAAFE51}"
EndProject
Project("{9A19103F-16F7-4668-BE54-9A1E7A4F7556}") = "OneS.Identityable.Common", "Service\OneS.Identityable.Common\OneS.Identityable.Common.csproj", "{BFB84E22-81E9-4862-AEC9-5CD39D2A4657}"
EndProject
Project("{9A19103F-16F7-4668-BE54-9A1E7A4F7556}") = "OneS.Identityable.DataAccess", "Service\OneS.Identityable.DataAccess\OneS.Identityable.DataAccess.csproj", "{EB8C4979-DF19-423D-BC45-13863A7378BC}"
EndProject
Project("{9A19103F-16F7-4668-BE54-9A1E7A4F7556}") = "OneS.Identityable.API", "Service\OneS.Identityable.API\OneS.Identityable.API.csproj", "{FD73558F-19B3-41D1-B9BE-E34426F4807F}"
EndProject
Project("{2150E333-8FDC-42A3-9474-1A3956D46DE8}") = "Agreement", "Agreement", "{BAF12CCA-CEDC-44A0-B204-3227371358CE}"
EndProject
Project("{9A19103F-16F7-4668-BE54-9A1E7A4F7556}") = "OneI.Restable.Abstractions", "Infrastructure\OneI.Restable.Abstractions\OneI.Restable.Abstractions.csproj", "{457A9CD7-D447-47D8-BBAB-31940BF27546}"
EndProject
Project("{9A19103F-16F7-4668-BE54-9A1E7A4F7556}") = "OneI.Restable", "Infrastructure\OneI.Restable\OneI.Restable.csproj", "{E9ADAD9A-8FD5-4A88-9927-67EFA8093193}"
EndProject
Project("{2150E333-8FDC-42A3-9474-1A3956D46DE8}") = "Example", "Example", "{F14CCE0E-7ABC-4411-8FD9-6C46FE05BD6A}"
EndProject
Project("{2150E333-8FDC-42A3-9474-1A3956D46DE8}") = "MSBuildTask", "MSBuildTask", "{90CA9C9C-B27B-4FF7-91C0-E0DAF3962401}"
EndProject
Project("{FAE04EC0-301F-11D3-BF4B-00C04F79EFBC}") = "OneE.MSBuildTaskClient", "Example\OneE.MSBuildTaskClient\OneE.MSBuildTaskClient.csproj", "{C7A53282-7F84-4550-82E3-75132928E333}"
EndProject
Project("{FAE04EC0-301F-11D3-BF4B-00C04F79EFBC}") = "OneE.MSBuildTaskServer", "Example\OneE.MSBuildTaskServer\OneE.MSBuildTaskServer.csproj", "{5312CA56-E6D4-4CDC-B971-FDFCC507B960}"
EndProject
Global
	GlobalSection(SolutionConfigurationPlatforms) = preSolution
		Debug|Any CPU = Debug|Any CPU
		Release|Any CPU = Release|Any CPU
	EndGlobalSection
	GlobalSection(ProjectConfigurationPlatforms) = postSolution
		{6C3F60FD-FBB7-40C1-91ED-40E80615B35B}.Debug|Any CPU.ActiveCfg = Debug|Any CPU
		{6C3F60FD-FBB7-40C1-91ED-40E80615B35B}.Debug|Any CPU.Build.0 = Debug|Any CPU
		{6C3F60FD-FBB7-40C1-91ED-40E80615B35B}.Release|Any CPU.ActiveCfg = Release|Any CPU
		{6C3F60FD-FBB7-40C1-91ED-40E80615B35B}.Release|Any CPU.Build.0 = Release|Any CPU
		{AF3DE92D-2620-4493-8C48-CFE2FDEF0892}.Debug|Any CPU.ActiveCfg = Debug|Any CPU
		{AF3DE92D-2620-4493-8C48-CFE2FDEF0892}.Debug|Any CPU.Build.0 = Debug|Any CPU
		{AF3DE92D-2620-4493-8C48-CFE2FDEF0892}.Release|Any CPU.ActiveCfg = Release|Any CPU
		{AF3DE92D-2620-4493-8C48-CFE2FDEF0892}.Release|Any CPU.Build.0 = Release|Any CPU
		{112CA9CD-0ECD-4B68-9FA6-08A44574FEC9}.Debug|Any CPU.ActiveCfg = Debug|Any CPU
		{112CA9CD-0ECD-4B68-9FA6-08A44574FEC9}.Debug|Any CPU.Build.0 = Debug|Any CPU
		{112CA9CD-0ECD-4B68-9FA6-08A44574FEC9}.Release|Any CPU.ActiveCfg = Release|Any CPU
		{112CA9CD-0ECD-4B68-9FA6-08A44574FEC9}.Release|Any CPU.Build.0 = Release|Any CPU
		{CAA5B97F-C457-48C6-9ACD-FF6FD4C623D1}.Debug|Any CPU.ActiveCfg = Debug|Any CPU
		{CAA5B97F-C457-48C6-9ACD-FF6FD4C623D1}.Debug|Any CPU.Build.0 = Debug|Any CPU
		{CAA5B97F-C457-48C6-9ACD-FF6FD4C623D1}.Release|Any CPU.ActiveCfg = Release|Any CPU
		{CAA5B97F-C457-48C6-9ACD-FF6FD4C623D1}.Release|Any CPU.Build.0 = Release|Any CPU
		{4EAF993A-1508-4022-9441-F15985728E26}.Debug|Any CPU.ActiveCfg = Debug|Any CPU
		{4EAF993A-1508-4022-9441-F15985728E26}.Debug|Any CPU.Build.0 = Debug|Any CPU
		{4EAF993A-1508-4022-9441-F15985728E26}.Release|Any CPU.ActiveCfg = Release|Any CPU
		{4EAF993A-1508-4022-9441-F15985728E26}.Release|Any CPU.Build.0 = Release|Any CPU
		{3AEABB18-6837-4E28-AA39-0059F63C7D3C}.Debug|Any CPU.ActiveCfg = Debug|Any CPU
		{3AEABB18-6837-4E28-AA39-0059F63C7D3C}.Debug|Any CPU.Build.0 = Debug|Any CPU
		{3AEABB18-6837-4E28-AA39-0059F63C7D3C}.Release|Any CPU.ActiveCfg = Release|Any CPU
		{3AEABB18-6837-4E28-AA39-0059F63C7D3C}.Release|Any CPU.Build.0 = Release|Any CPU
		{CD56A02F-2C30-4447-BC27-FAC17F55B940}.Debug|Any CPU.ActiveCfg = Debug|Any CPU
		{CD56A02F-2C30-4447-BC27-FAC17F55B940}.Debug|Any CPU.Build.0 = Debug|Any CPU
		{CD56A02F-2C30-4447-BC27-FAC17F55B940}.Release|Any CPU.ActiveCfg = Release|Any CPU
		{CD56A02F-2C30-4447-BC27-FAC17F55B940}.Release|Any CPU.Build.0 = Release|Any CPU
		{642101CC-D229-4866-941D-F816BFAAFE51}.Debug|Any CPU.ActiveCfg = Debug|Any CPU
		{642101CC-D229-4866-941D-F816BFAAFE51}.Debug|Any CPU.Build.0 = Debug|Any CPU
		{642101CC-D229-4866-941D-F816BFAAFE51}.Release|Any CPU.ActiveCfg = Release|Any CPU
		{642101CC-D229-4866-941D-F816BFAAFE51}.Release|Any CPU.Build.0 = Release|Any CPU
		{BFB84E22-81E9-4862-AEC9-5CD39D2A4657}.Debug|Any CPU.ActiveCfg = Debug|Any CPU
		{BFB84E22-81E9-4862-AEC9-5CD39D2A4657}.Debug|Any CPU.Build.0 = Debug|Any CPU
		{BFB84E22-81E9-4862-AEC9-5CD39D2A4657}.Release|Any CPU.ActiveCfg = Release|Any CPU
		{BFB84E22-81E9-4862-AEC9-5CD39D2A4657}.Release|Any CPU.Build.0 = Release|Any CPU
		{EB8C4979-DF19-423D-BC45-13863A7378BC}.Debug|Any CPU.ActiveCfg = Debug|Any CPU
		{EB8C4979-DF19-423D-BC45-13863A7378BC}.Debug|Any CPU.Build.0 = Debug|Any CPU
		{EB8C4979-DF19-423D-BC45-13863A7378BC}.Release|Any CPU.ActiveCfg = Release|Any CPU
		{EB8C4979-DF19-423D-BC45-13863A7378BC}.Release|Any CPU.Build.0 = Release|Any CPU
		{FD73558F-19B3-41D1-B9BE-E34426F4807F}.Debug|Any CPU.ActiveCfg = Debug|Any CPU
		{FD73558F-19B3-41D1-B9BE-E34426F4807F}.Debug|Any CPU.Build.0 = Debug|Any CPU
		{FD73558F-19B3-41D1-B9BE-E34426F4807F}.Release|Any CPU.ActiveCfg = Release|Any CPU
		{FD73558F-19B3-41D1-B9BE-E34426F4807F}.Release|Any CPU.Build.0 = Release|Any CPU
		{457A9CD7-D447-47D8-BBAB-31940BF27546}.Debug|Any CPU.ActiveCfg = Debug|Any CPU
		{457A9CD7-D447-47D8-BBAB-31940BF27546}.Debug|Any CPU.Build.0 = Debug|Any CPU
		{457A9CD7-D447-47D8-BBAB-31940BF27546}.Release|Any CPU.ActiveCfg = Release|Any CPU
		{457A9CD7-D447-47D8-BBAB-31940BF27546}.Release|Any CPU.Build.0 = Release|Any CPU
		{E9ADAD9A-8FD5-4A88-9927-67EFA8093193}.Debug|Any CPU.ActiveCfg = Debug|Any CPU
		{E9ADAD9A-8FD5-4A88-9927-67EFA8093193}.Debug|Any CPU.Build.0 = Debug|Any CPU
		{E9ADAD9A-8FD5-4A88-9927-67EFA8093193}.Release|Any CPU.ActiveCfg = Release|Any CPU
		{E9ADAD9A-8FD5-4A88-9927-67EFA8093193}.Release|Any CPU.Build.0 = Release|Any CPU
		{C7A53282-7F84-4550-82E3-75132928E333}.Debug|Any CPU.ActiveCfg = Debug|Any CPU
		{C7A53282-7F84-4550-82E3-75132928E333}.Debug|Any CPU.Build.0 = Debug|Any CPU
		{C7A53282-7F84-4550-82E3-75132928E333}.Release|Any CPU.ActiveCfg = Release|Any CPU
		{C7A53282-7F84-4550-82E3-75132928E333}.Release|Any CPU.Build.0 = Release|Any CPU
		{5312CA56-E6D4-4CDC-B971-FDFCC507B960}.Debug|Any CPU.ActiveCfg = Debug|Any CPU
		{5312CA56-E6D4-4CDC-B971-FDFCC507B960}.Debug|Any CPU.Build.0 = Debug|Any CPU
		{5312CA56-E6D4-4CDC-B971-FDFCC507B960}.Release|Any CPU.ActiveCfg = Release|Any CPU
		{5312CA56-E6D4-4CDC-B971-FDFCC507B960}.Release|Any CPU.Build.0 = Release|Any CPU
	EndGlobalSection
	GlobalSection(SolutionProperties) = preSolution
		HideSolutionNode = FALSE
	EndGlobalSection
	GlobalSection(NestedProjects) = preSolution
		{6C3F60FD-FBB7-40C1-91ED-40E80615B35B} = {C2F8B1B1-8C2A-4CE8-928A-B960041F8699}
		{CFF83225-126E-4C45-9527-4EDC435248F0} = {26105688-0978-4523-BD3D-84D76F1AA0A0}
		{C2F8B1B1-8C2A-4CE8-928A-B960041F8699} = {26105688-0978-4523-BD3D-84D76F1AA0A0}
		{AF3DE92D-2620-4493-8C48-CFE2FDEF0892} = {CFF83225-126E-4C45-9527-4EDC435248F0}
		{112CA9CD-0ECD-4B68-9FA6-08A44574FEC9} = {C2F8B1B1-8C2A-4CE8-928A-B960041F8699}
		{CAA5B97F-C457-48C6-9ACD-FF6FD4C623D1} = {CFF83225-126E-4C45-9527-4EDC435248F0}
		{1E4550CD-DD11-4253-839A-6DEEA3A4BC8D} = {26105688-0978-4523-BD3D-84D76F1AA0A0}
		{4EAF993A-1508-4022-9441-F15985728E26} = {1E4550CD-DD11-4253-839A-6DEEA3A4BC8D}
		{3AEABB18-6837-4E28-AA39-0059F63C7D3C} = {1E4550CD-DD11-4253-839A-6DEEA3A4BC8D}
		{FB49591B-0799-4F82-A680-2AAC03555C92} = {C68EAB27-C391-4C13-817A-E1917DBF38B7}
		{F276AC72-C23B-4CA5-8A6D-25673758EC57} = {26105688-0978-4523-BD3D-84D76F1AA0A0}
		{CD56A02F-2C30-4447-BC27-FAC17F55B940} = {F276AC72-C23B-4CA5-8A6D-25673758EC57}
		{642101CC-D229-4866-941D-F816BFAAFE51} = {FB49591B-0799-4F82-A680-2AAC03555C92}
		{BFB84E22-81E9-4862-AEC9-5CD39D2A4657} = {FB49591B-0799-4F82-A680-2AAC03555C92}
		{EB8C4979-DF19-423D-BC45-13863A7378BC} = {FB49591B-0799-4F82-A680-2AAC03555C92}
		{FD73558F-19B3-41D1-B9BE-E34426F4807F} = {FB49591B-0799-4F82-A680-2AAC03555C92}
		{BAF12CCA-CEDC-44A0-B204-3227371358CE} = {26105688-0978-4523-BD3D-84D76F1AA0A0}
		{457A9CD7-D447-47D8-BBAB-31940BF27546} = {BAF12CCA-CEDC-44A0-B204-3227371358CE}
		{E9ADAD9A-8FD5-4A88-9927-67EFA8093193} = {BAF12CCA-CEDC-44A0-B204-3227371358CE}
		{90CA9C9C-B27B-4FF7-91C0-E0DAF3962401} = {F14CCE0E-7ABC-4411-8FD9-6C46FE05BD6A}
		{C7A53282-7F84-4550-82E3-75132928E333} = {90CA9C9C-B27B-4FF7-91C0-E0DAF3962401}
		{5312CA56-E6D4-4CDC-B971-FDFCC507B960} = {90CA9C9C-B27B-4FF7-91C0-E0DAF3962401}
	EndGlobalSection
	GlobalSection(ExtensibilityGlobals) = postSolution
		SolutionGuid = {0E42F812-6AC8-43D9-A0BC-0F1E8A4F17A5}
	EndGlobalSection
EndGlobal
