
Microsoft Visual Studio Solution File, Format Version 12.00
# Visual Studio Version 17
VisualStudioVersion = 17.3.32929.385
MinimumVisualStudioVersion = 10.0.40219.1
Project("{2150E333-8FDC-42A3-9474-1A3956D46DE8}") = "Infrastructure", "Infrastructure", "{26105688-0978-4523-BD3D-84D76F1AA0A0}"
EndProject
Project("{2150E333-8FDC-42A3-9474-1A3956D46DE8}") = "Solution Items", "Solution Items", "{39F6EA58-AAFA-4559-8854-6C2C87F06694}"
	ProjectSection(SolutionItems) = preProject
		.editorconfig = .editorconfig
		.gitignore = .gitignore
		common.codegen.props = common.codegen.props
		common.props = common.props
		common.test.benchmark.props = common.test.benchmark.props
		common.test.props = common.test.props
		common.xunit.codegen.props = common.xunit.codegen.props
		common.xunit.props = common.xunit.props
		Directory.Build.props = Directory.Build.props
		global.json = global.json
		README.md = README.md
	EndProjectSection
EndProject
Project("{9A19103F-16F7-4668-BE54-9A1E7A4F7556}") = "OneI.Utilityable.Test", "Infrastructure\OneI.Utilityable.Test\OneI.Utilityable.Test.csproj", "{6C3F60FD-FBB7-40C1-91ED-40E80615B35B}"
EndProject
Project("{2150E333-8FDC-42A3-9474-1A3956D46DE8}") = "Module", "Module", "{CFF83225-126E-4C45-9527-4EDC435248F0}"
EndProject
Project("{2150E333-8FDC-42A3-9474-1A3956D46DE8}") = "Utility", "Utility", "{C2F8B1B1-8C2A-4CE8-928A-B960041F8699}"
EndProject
Project("{9A19103F-16F7-4668-BE54-9A1E7A4F7556}") = "OneI.Moduleable.Abstractions", "Infrastructure\OneI.Moduleable.Abstractions\OneI.Moduleable.Abstractions.csproj", "{AF3DE92D-2620-4493-8C48-CFE2FDEF0892}"
EndProject
Project("{9A19103F-16F7-4668-BE54-9A1E7A4F7556}") = "OneI.Utilityable", "Infrastructure\OneI.Utilityable\OneI.Utilityable.csproj", "{112CA9CD-0ECD-4B68-9FA6-08A44574FEC9}"
EndProject
Project("{9A19103F-16F7-4668-BE54-9A1E7A4F7556}") = "OneI.Moduleable", "Infrastructure\OneI.Moduleable\OneI.Moduleable.csproj", "{CAA5B97F-C457-48C6-9ACD-FF6FD4C623D1}"
EndProject
Project("{2150E333-8FDC-42A3-9474-1A3956D46DE8}") = "Event", "Event", "{1E4550CD-DD11-4253-839A-6DEEA3A4BC8D}"
EndProject
Project("{9A19103F-16F7-4668-BE54-9A1E7A4F7556}") = "OneI.Eventable.Abstractions", "Infrastructure\OneI.Eventable.Abstractions\OneI.Eventable.Abstractions.csproj", "{4EAF993A-1508-4022-9441-F15985728E26}"
EndProject
Project("{9A19103F-16F7-4668-BE54-9A1E7A4F7556}") = "OneI.Eventable.Local", "Infrastructure\OneI.Eventable.Local\OneI.Eventable.Local.csproj", "{3AEABB18-6837-4E28-AA39-0059F63C7D3C}"
EndProject
Project("{2150E333-8FDC-42A3-9474-1A3956D46DE8}") = "Test", "Test", "{926780AD-71CA-4EDC-9DAB-5E23AEF9F4FF}"
EndProject
Project("{9A19103F-16F7-4668-BE54-9A1E7A4F7556}") = "OneT.CodeGenerator", "Test\OneT.CodeGenerator\OneT.CodeGenerator.csproj", "{05E822C8-92F8-49D0-A87F-2D0A5F03E9B0}"
EndProject
Project("{2150E333-8FDC-42A3-9474-1A3956D46DE8}") = "Application", "Application", "{98EE624D-E4BC-4913-A21C-37CBC34A19EE}"
EndProject
Project("{2150E333-8FDC-42A3-9474-1A3956D46DE8}") = "Example", "Example", "{8570B175-F039-4673-A1F7-4F2671AF3EC2}"
EndProject
Project("{2150E333-8FDC-42A3-9474-1A3956D46DE8}") = "EnumCodeGenerator", "EnumCodeGenerator", "{4FCF754D-EAFC-499F-81D0-B8892A95F86E}"
EndProject
Project("{2150E333-8FDC-42A3-9474-1A3956D46DE8}") = "MSBuildTaskClient", "MSBuildTaskClient", "{36232F45-1E1B-4225-B622-633753929C37}"
EndProject
Project("{9A19103F-16F7-4668-BE54-9A1E7A4F7556}") = "OneE.EnumCodeGenerator", "Example\OneE.EnumCodeGenerator\OneE.EnumCodeGenerator.csproj", "{6B64D49E-AD99-4890-A52D-0EB0D378AFF2}"
EndProject
Project("{9A19103F-16F7-4668-BE54-9A1E7A4F7556}") = "OneE.EnumCodeGenerator.Test", "Example\OneE.EnumCodeGenerator.Test\OneE.EnumCodeGenerator.Test.csproj", "{D2048FB3-3160-45A2-B987-8F1FD243B27E}"
EndProject
Project("{9A19103F-16F7-4668-BE54-9A1E7A4F7556}") = "OneE.MSBuildTaskServer", "Example\OneE.MSBuildTaskServer\OneE.MSBuildTaskServer.csproj", "{E236DE58-0A9A-4409-94F7-60FC84767C7E}"
EndProject
Project("{9A19103F-16F7-4668-BE54-9A1E7A4F7556}") = "OneE.MSBuildTaskClient", "Example\OneE.MSBuildTaskClient\OneE.MSBuildTaskClient.csproj", "{27C8C44B-F75A-4FD1-A02A-C7B4E364BEB5}"
EndProject
Project("{9A19103F-16F7-4668-BE54-9A1E7A4F7556}") = "OneI.Utilityable.Command", "Infrastructure\OneI.Utilityable.Command\OneI.Utilityable.Command.csproj", "{81FE7853-EC0C-4294-9E8A-498D202147DA}"
EndProject
Project("{2150E333-8FDC-42A3-9474-1A3956D46DE8}") = "Shared", "Shared", "{4A002385-E86A-43D0-9272-16FC438A0800}"
	ProjectSection(SolutionItems) = preProject
		Shared\CalledLocation.cs = Shared\CalledLocation.cs
		Shared\Check.cs = Shared\Check.cs
		Shared\CollectionExtensions.cs = Shared\CollectionExtensions.cs
		Shared\DictionaryExtensions.cs = Shared\DictionaryExtensions.cs
		Shared\DisposeAction.cs = Shared\DisposeAction.cs
		Shared\EnumerableExtensions.cs = Shared\EnumerableExtensions.cs
		Index.cs = Index.cs
		IOTools.cs = IOTools.cs
		Shared\ListExtensions.cs = Shared\ListExtensions.cs
		Shared\QueryableExtensions.cs = Shared\QueryableExtensions.cs
		Shared\Randomizer.cs = Shared\Randomizer.cs
		Range.cs = Range.cs
		Shared\StringExtensions.cs = Shared\StringExtensions.cs
		Shared\TypeExtensions.cs = Shared\TypeExtensions.cs
	EndProjectSection
EndProject
Project("{9A19103F-16F7-4668-BE54-9A1E7A4F7556}") = "OneT.Benchmark", "Test\OneT.Benchmark\OneT.Benchmark.csproj", "{5B1885C4-30B5-42B4-A959-8D6D83DBDB40}"
EndProject
Project("{9A19103F-16F7-4668-BE54-9A1E7A4F7556}") = "OneT.Common", "Test\OneT.Common\OneT.Common.csproj", "{6F26B013-38D6-4488-B618-D7E4CE4CF845}"
EndProject
Project("{9A19103F-16F7-4668-BE54-9A1E7A4F7556}") = "OneI.Eventable.Test", "Infrastructure\OneI.Eventable.Test\OneI.Eventable.Test.csproj", "{F4B3DFD0-3668-4649-AA15-D0098C909D3D}"
EndProject
Project("{9A19103F-16F7-4668-BE54-9A1E7A4F7556}") = "OneI.Moduleable.TestBase", "Infrastructure\OneI.Moduleable.TestBase\OneI.Moduleable.TestBase.csproj", "{EE232896-5B6D-4470-B308-7FC5217542DB}"
EndProject
Project("{9A19103F-16F7-4668-BE54-9A1E7A4F7556}") = "OneI.Utilityable.Benchmark", "Infrastructure\OneI.Utilityable.Benchmark\OneI.Utilityable.Benchmark.csproj", "{41BB3ED3-73BB-418A-A286-B9EF6383CDEA}"
EndProject
Project("{9A19103F-16F7-4668-BE54-9A1E7A4F7556}") = "OneI.Utilityable.Test.DnSpy", "Infrastructure\OneI.Utilityable.Test.DnSpy\OneI.Utilityable.Test.DnSpy.csproj", "{BE26520B-1750-41B0-BD2E-70921B3F17FE}"
EndProject
Project("{2150E333-8FDC-42A3-9474-1A3956D46DE8}") = "Log", "Log", "{FCF4D373-C63B-41A0-A3F7-935189A7CE68}"
EndProject
Project("{9A19103F-16F7-4668-BE54-9A1E7A4F7556}") = "OneI.Logable", "Infrastructure\OneI.Logable\OneI.Logable.csproj", "{CE13E3D0-9D81-4398-A91A-BC3D89EECFB2}"
EndProject
Project("{9A19103F-16F7-4668-BE54-9A1E7A4F7556}") = "OneI.Logable.Benchmark", "Infrastructure\OneI.Logable.Benchmark\OneI.Logable.Benchmark.csproj", "{3E84F866-9EA5-4F30-AD33-8E50FB979AC7}"
EndProject
Project("{9A19103F-16F7-4668-BE54-9A1E7A4F7556}") = "OneI.Logable.CodeGenerator", "Infrastructure\OneI.Logable.CodeGenerator\OneI.Logable.CodeGenerator.csproj", "{FB2BCBF4-3F86-48BC-A806-4D9CBD141A60}"
EndProject
Project("{9A19103F-16F7-4668-BE54-9A1E7A4F7556}") = "OneI.Logable.CodeGenerator.Test", "Infrastructure\OneI.Logable.CodeGenerator.Test\OneI.Logable.CodeGenerator.Test.csproj", "{AF5A2727-A506-4BD1-98EF-BDE045E776EC}"
EndProject
Project("{9A19103F-16F7-4668-BE54-9A1E7A4F7556}") = "OneI.Logable.Extensions", "Infrastructure\OneI.Logable.Extensions\OneI.Logable.Extensions.csproj", "{F0CCF5AE-6E37-40D6-B4BA-508C7BAEC324}"
EndProject
Project("{9A19103F-16F7-4668-BE54-9A1E7A4F7556}") = "OneI.Logable.Extensions.Logging", "Infrastructure\OneI.Logable.Extensions.Logging\OneI.Logable.Extensions.Logging.csproj", "{18D0E95A-8751-47D8-8F90-CB84186C43AA}"
EndProject
Project("{9A19103F-16F7-4668-BE54-9A1E7A4F7556}") = "OneI.Logable.File", "Infrastructure\OneI.Logable.File\OneI.Logable.File.csproj", "{CEEF28C4-52C2-40A6-AD90-B438E79E4DEB}"
EndProject
Project("{9A19103F-16F7-4668-BE54-9A1E7A4F7556}") = "OneI.Logable.Test", "Infrastructure\OneI.Logable.Test\OneI.Logable.Test.csproj", "{6E557925-B0AF-45DE-BAB0-58D203B83892}"
EndProject
Project("{9A19103F-16F7-4668-BE54-9A1E7A4F7556}") = "OneI.Logable.Extensions.Logging.Test", "Infrastructure\OneI.Logable.Extensions.Logging.Test\OneI.Logable.Extensions.Logging.Test.csproj", "{BDC2D16C-FB1A-424C-B3F6-794F3F2AB23D}"
EndProject
Global
	GlobalSection(SolutionConfigurationPlatforms) = preSolution
		Debug|Any CPU = Debug|Any CPU
		Release|Any CPU = Release|Any CPU
	EndGlobalSection
	GlobalSection(ProjectConfigurationPlatforms) = postSolution
		{6C3F60FD-FBB7-40C1-91ED-40E80615B35B}.Debug|Any CPU.ActiveCfg = Debug|Any CPU
		{6C3F60FD-FBB7-40C1-91ED-40E80615B35B}.Debug|Any CPU.Build.0 = Debug|Any CPU
		{6C3F60FD-FBB7-40C1-91ED-40E80615B35B}.Release|Any CPU.ActiveCfg = Release|Any CPU
		{6C3F60FD-FBB7-40C1-91ED-40E80615B35B}.Release|Any CPU.Build.0 = Release|Any CPU
		{AF3DE92D-2620-4493-8C48-CFE2FDEF0892}.Debug|Any CPU.ActiveCfg = Debug|Any CPU
		{AF3DE92D-2620-4493-8C48-CFE2FDEF0892}.Debug|Any CPU.Build.0 = Debug|Any CPU
		{AF3DE92D-2620-4493-8C48-CFE2FDEF0892}.Release|Any CPU.ActiveCfg = Release|Any CPU
		{AF3DE92D-2620-4493-8C48-CFE2FDEF0892}.Release|Any CPU.Build.0 = Release|Any CPU
		{112CA9CD-0ECD-4B68-9FA6-08A44574FEC9}.Debug|Any CPU.ActiveCfg = Debug|Any CPU
		{112CA9CD-0ECD-4B68-9FA6-08A44574FEC9}.Debug|Any CPU.Build.0 = Debug|Any CPU
		{112CA9CD-0ECD-4B68-9FA6-08A44574FEC9}.Release|Any CPU.ActiveCfg = Release|Any CPU
		{112CA9CD-0ECD-4B68-9FA6-08A44574FEC9}.Release|Any CPU.Build.0 = Release|Any CPU
		{CAA5B97F-C457-48C6-9ACD-FF6FD4C623D1}.Debug|Any CPU.ActiveCfg = Debug|Any CPU
		{CAA5B97F-C457-48C6-9ACD-FF6FD4C623D1}.Debug|Any CPU.Build.0 = Debug|Any CPU
		{CAA5B97F-C457-48C6-9ACD-FF6FD4C623D1}.Release|Any CPU.ActiveCfg = Release|Any CPU
		{CAA5B97F-C457-48C6-9ACD-FF6FD4C623D1}.Release|Any CPU.Build.0 = Release|Any CPU
		{4EAF993A-1508-4022-9441-F15985728E26}.Debug|Any CPU.ActiveCfg = Debug|Any CPU
		{4EAF993A-1508-4022-9441-F15985728E26}.Debug|Any CPU.Build.0 = Debug|Any CPU
		{4EAF993A-1508-4022-9441-F15985728E26}.Release|Any CPU.ActiveCfg = Release|Any CPU
		{4EAF993A-1508-4022-9441-F15985728E26}.Release|Any CPU.Build.0 = Release|Any CPU
		{3AEABB18-6837-4E28-AA39-0059F63C7D3C}.Debug|Any CPU.ActiveCfg = Debug|Any CPU
		{3AEABB18-6837-4E28-AA39-0059F63C7D3C}.Debug|Any CPU.Build.0 = Debug|Any CPU
		{3AEABB18-6837-4E28-AA39-0059F63C7D3C}.Release|Any CPU.ActiveCfg = Release|Any CPU
		{3AEABB18-6837-4E28-AA39-0059F63C7D3C}.Release|Any CPU.Build.0 = Release|Any CPU
		{05E822C8-92F8-49D0-A87F-2D0A5F03E9B0}.Debug|Any CPU.ActiveCfg = Debug|Any CPU
		{05E822C8-92F8-49D0-A87F-2D0A5F03E9B0}.Debug|Any CPU.Build.0 = Debug|Any CPU
		{05E822C8-92F8-49D0-A87F-2D0A5F03E9B0}.Release|Any CPU.ActiveCfg = Release|Any CPU
		{05E822C8-92F8-49D0-A87F-2D0A5F03E9B0}.Release|Any CPU.Build.0 = Release|Any CPU
		{6B64D49E-AD99-4890-A52D-0EB0D378AFF2}.Debug|Any CPU.ActiveCfg = Debug|Any CPU
		{6B64D49E-AD99-4890-A52D-0EB0D378AFF2}.Debug|Any CPU.Build.0 = Debug|Any CPU
		{6B64D49E-AD99-4890-A52D-0EB0D378AFF2}.Release|Any CPU.ActiveCfg = Release|Any CPU
		{6B64D49E-AD99-4890-A52D-0EB0D378AFF2}.Release|Any CPU.Build.0 = Release|Any CPU
		{D2048FB3-3160-45A2-B987-8F1FD243B27E}.Debug|Any CPU.ActiveCfg = Debug|Any CPU
		{D2048FB3-3160-45A2-B987-8F1FD243B27E}.Debug|Any CPU.Build.0 = Debug|Any CPU
		{D2048FB3-3160-45A2-B987-8F1FD243B27E}.Release|Any CPU.ActiveCfg = Release|Any CPU
		{D2048FB3-3160-45A2-B987-8F1FD243B27E}.Release|Any CPU.Build.0 = Release|Any CPU
		{E236DE58-0A9A-4409-94F7-60FC84767C7E}.Debug|Any CPU.ActiveCfg = Debug|Any CPU
		{E236DE58-0A9A-4409-94F7-60FC84767C7E}.Debug|Any CPU.Build.0 = Debug|Any CPU
		{E236DE58-0A9A-4409-94F7-60FC84767C7E}.Release|Any CPU.ActiveCfg = Release|Any CPU
		{E236DE58-0A9A-4409-94F7-60FC84767C7E}.Release|Any CPU.Build.0 = Release|Any CPU
		{27C8C44B-F75A-4FD1-A02A-C7B4E364BEB5}.Debug|Any CPU.ActiveCfg = Debug|Any CPU
		{27C8C44B-F75A-4FD1-A02A-C7B4E364BEB5}.Debug|Any CPU.Build.0 = Debug|Any CPU
		{27C8C44B-F75A-4FD1-A02A-C7B4E364BEB5}.Release|Any CPU.ActiveCfg = Release|Any CPU
		{27C8C44B-F75A-4FD1-A02A-C7B4E364BEB5}.Release|Any CPU.Build.0 = Release|Any CPU
		{81FE7853-EC0C-4294-9E8A-498D202147DA}.Debug|Any CPU.ActiveCfg = Debug|Any CPU
		{81FE7853-EC0C-4294-9E8A-498D202147DA}.Debug|Any CPU.Build.0 = Debug|Any CPU
		{81FE7853-EC0C-4294-9E8A-498D202147DA}.Release|Any CPU.ActiveCfg = Release|Any CPU
		{81FE7853-EC0C-4294-9E8A-498D202147DA}.Release|Any CPU.Build.0 = Release|Any CPU
		{5B1885C4-30B5-42B4-A959-8D6D83DBDB40}.Debug|Any CPU.ActiveCfg = Debug|Any CPU
		{5B1885C4-30B5-42B4-A959-8D6D83DBDB40}.Debug|Any CPU.Build.0 = Debug|Any CPU
		{5B1885C4-30B5-42B4-A959-8D6D83DBDB40}.Release|Any CPU.ActiveCfg = Release|Any CPU
		{5B1885C4-30B5-42B4-A959-8D6D83DBDB40}.Release|Any CPU.Build.0 = Release|Any CPU
		{6F26B013-38D6-4488-B618-D7E4CE4CF845}.Debug|Any CPU.ActiveCfg = Debug|Any CPU
		{6F26B013-38D6-4488-B618-D7E4CE4CF845}.Debug|Any CPU.Build.0 = Debug|Any CPU
		{6F26B013-38D6-4488-B618-D7E4CE4CF845}.Release|Any CPU.ActiveCfg = Release|Any CPU
		{6F26B013-38D6-4488-B618-D7E4CE4CF845}.Release|Any CPU.Build.0 = Release|Any CPU
		{F4B3DFD0-3668-4649-AA15-D0098C909D3D}.Debug|Any CPU.ActiveCfg = Debug|Any CPU
		{F4B3DFD0-3668-4649-AA15-D0098C909D3D}.Debug|Any CPU.Build.0 = Debug|Any CPU
		{F4B3DFD0-3668-4649-AA15-D0098C909D3D}.Release|Any CPU.ActiveCfg = Release|Any CPU
		{F4B3DFD0-3668-4649-AA15-D0098C909D3D}.Release|Any CPU.Build.0 = Release|Any CPU
		{EE232896-5B6D-4470-B308-7FC5217542DB}.Debug|Any CPU.ActiveCfg = Debug|Any CPU
		{EE232896-5B6D-4470-B308-7FC5217542DB}.Debug|Any CPU.Build.0 = Debug|Any CPU
		{EE232896-5B6D-4470-B308-7FC5217542DB}.Release|Any CPU.ActiveCfg = Release|Any CPU
		{EE232896-5B6D-4470-B308-7FC5217542DB}.Release|Any CPU.Build.0 = Release|Any CPU
		{41BB3ED3-73BB-418A-A286-B9EF6383CDEA}.Debug|Any CPU.ActiveCfg = Debug|Any CPU
		{41BB3ED3-73BB-418A-A286-B9EF6383CDEA}.Debug|Any CPU.Build.0 = Debug|Any CPU
		{41BB3ED3-73BB-418A-A286-B9EF6383CDEA}.Release|Any CPU.ActiveCfg = Release|Any CPU
		{41BB3ED3-73BB-418A-A286-B9EF6383CDEA}.Release|Any CPU.Build.0 = Release|Any CPU
		{BE26520B-1750-41B0-BD2E-70921B3F17FE}.Debug|Any CPU.ActiveCfg = Debug|Any CPU
		{BE26520B-1750-41B0-BD2E-70921B3F17FE}.Debug|Any CPU.Build.0 = Debug|Any CPU
		{BE26520B-1750-41B0-BD2E-70921B3F17FE}.Release|Any CPU.ActiveCfg = Release|Any CPU
		{BE26520B-1750-41B0-BD2E-70921B3F17FE}.Release|Any CPU.Build.0 = Release|Any CPU
		{CE13E3D0-9D81-4398-A91A-BC3D89EECFB2}.Debug|Any CPU.ActiveCfg = Debug|Any CPU
		{CE13E3D0-9D81-4398-A91A-BC3D89EECFB2}.Debug|Any CPU.Build.0 = Debug|Any CPU
		{CE13E3D0-9D81-4398-A91A-BC3D89EECFB2}.Release|Any CPU.ActiveCfg = Release|Any CPU
		{CE13E3D0-9D81-4398-A91A-BC3D89EECFB2}.Release|Any CPU.Build.0 = Release|Any CPU
		{3E84F866-9EA5-4F30-AD33-8E50FB979AC7}.Debug|Any CPU.ActiveCfg = Debug|Any CPU
		{3E84F866-9EA5-4F30-AD33-8E50FB979AC7}.Debug|Any CPU.Build.0 = Debug|Any CPU
		{3E84F866-9EA5-4F30-AD33-8E50FB979AC7}.Release|Any CPU.ActiveCfg = Release|Any CPU
		{3E84F866-9EA5-4F30-AD33-8E50FB979AC7}.Release|Any CPU.Build.0 = Release|Any CPU
		{FB2BCBF4-3F86-48BC-A806-4D9CBD141A60}.Debug|Any CPU.ActiveCfg = Debug|Any CPU
		{FB2BCBF4-3F86-48BC-A806-4D9CBD141A60}.Debug|Any CPU.Build.0 = Debug|Any CPU
		{FB2BCBF4-3F86-48BC-A806-4D9CBD141A60}.Release|Any CPU.ActiveCfg = Release|Any CPU
		{FB2BCBF4-3F86-48BC-A806-4D9CBD141A60}.Release|Any CPU.Build.0 = Release|Any CPU
		{AF5A2727-A506-4BD1-98EF-BDE045E776EC}.Debug|Any CPU.ActiveCfg = Debug|Any CPU
		{AF5A2727-A506-4BD1-98EF-BDE045E776EC}.Debug|Any CPU.Build.0 = Debug|Any CPU
		{AF5A2727-A506-4BD1-98EF-BDE045E776EC}.Release|Any CPU.ActiveCfg = Release|Any CPU
		{AF5A2727-A506-4BD1-98EF-BDE045E776EC}.Release|Any CPU.Build.0 = Release|Any CPU
		{F0CCF5AE-6E37-40D6-B4BA-508C7BAEC324}.Debug|Any CPU.ActiveCfg = Debug|Any CPU
		{F0CCF5AE-6E37-40D6-B4BA-508C7BAEC324}.Debug|Any CPU.Build.0 = Debug|Any CPU
		{F0CCF5AE-6E37-40D6-B4BA-508C7BAEC324}.Release|Any CPU.ActiveCfg = Release|Any CPU
		{F0CCF5AE-6E37-40D6-B4BA-508C7BAEC324}.Release|Any CPU.Build.0 = Release|Any CPU
		{18D0E95A-8751-47D8-8F90-CB84186C43AA}.Debug|Any CPU.ActiveCfg = Debug|Any CPU
		{18D0E95A-8751-47D8-8F90-CB84186C43AA}.Debug|Any CPU.Build.0 = Debug|Any CPU
		{18D0E95A-8751-47D8-8F90-CB84186C43AA}.Release|Any CPU.ActiveCfg = Release|Any CPU
		{18D0E95A-8751-47D8-8F90-CB84186C43AA}.Release|Any CPU.Build.0 = Release|Any CPU
		{CEEF28C4-52C2-40A6-AD90-B438E79E4DEB}.Debug|Any CPU.ActiveCfg = Debug|Any CPU
		{CEEF28C4-52C2-40A6-AD90-B438E79E4DEB}.Debug|Any CPU.Build.0 = Debug|Any CPU
		{CEEF28C4-52C2-40A6-AD90-B438E79E4DEB}.Release|Any CPU.ActiveCfg = Release|Any CPU
		{CEEF28C4-52C2-40A6-AD90-B438E79E4DEB}.Release|Any CPU.Build.0 = Release|Any CPU
		{6E557925-B0AF-45DE-BAB0-58D203B83892}.Debug|Any CPU.ActiveCfg = Debug|Any CPU
		{6E557925-B0AF-45DE-BAB0-58D203B83892}.Debug|Any CPU.Build.0 = Debug|Any CPU
		{6E557925-B0AF-45DE-BAB0-58D203B83892}.Release|Any CPU.ActiveCfg = Release|Any CPU
		{6E557925-B0AF-45DE-BAB0-58D203B83892}.Release|Any CPU.Build.0 = Release|Any CPU
		{BDC2D16C-FB1A-424C-B3F6-794F3F2AB23D}.Debug|Any CPU.ActiveCfg = Debug|Any CPU
		{BDC2D16C-FB1A-424C-B3F6-794F3F2AB23D}.Debug|Any CPU.Build.0 = Debug|Any CPU
		{BDC2D16C-FB1A-424C-B3F6-794F3F2AB23D}.Release|Any CPU.ActiveCfg = Release|Any CPU
		{BDC2D16C-FB1A-424C-B3F6-794F3F2AB23D}.Release|Any CPU.Build.0 = Release|Any CPU
	EndGlobalSection
	GlobalSection(SolutionProperties) = preSolution
		HideSolutionNode = FALSE
	EndGlobalSection
	GlobalSection(NestedProjects) = preSolution
		{6C3F60FD-FBB7-40C1-91ED-40E80615B35B} = {C2F8B1B1-8C2A-4CE8-928A-B960041F8699}
		{CFF83225-126E-4C45-9527-4EDC435248F0} = {26105688-0978-4523-BD3D-84D76F1AA0A0}
		{C2F8B1B1-8C2A-4CE8-928A-B960041F8699} = {26105688-0978-4523-BD3D-84D76F1AA0A0}
		{AF3DE92D-2620-4493-8C48-CFE2FDEF0892} = {CFF83225-126E-4C45-9527-4EDC435248F0}
		{112CA9CD-0ECD-4B68-9FA6-08A44574FEC9} = {C2F8B1B1-8C2A-4CE8-928A-B960041F8699}
		{CAA5B97F-C457-48C6-9ACD-FF6FD4C623D1} = {CFF83225-126E-4C45-9527-4EDC435248F0}
		{1E4550CD-DD11-4253-839A-6DEEA3A4BC8D} = {26105688-0978-4523-BD3D-84D76F1AA0A0}
		{4EAF993A-1508-4022-9441-F15985728E26} = {1E4550CD-DD11-4253-839A-6DEEA3A4BC8D}
		{3AEABB18-6837-4E28-AA39-0059F63C7D3C} = {1E4550CD-DD11-4253-839A-6DEEA3A4BC8D}
		{05E822C8-92F8-49D0-A87F-2D0A5F03E9B0} = {926780AD-71CA-4EDC-9DAB-5E23AEF9F4FF}
		{98EE624D-E4BC-4913-A21C-37CBC34A19EE} = {26105688-0978-4523-BD3D-84D76F1AA0A0}
		{4FCF754D-EAFC-499F-81D0-B8892A95F86E} = {8570B175-F039-4673-A1F7-4F2671AF3EC2}
		{36232F45-1E1B-4225-B622-633753929C37} = {8570B175-F039-4673-A1F7-4F2671AF3EC2}
		{6B64D49E-AD99-4890-A52D-0EB0D378AFF2} = {4FCF754D-EAFC-499F-81D0-B8892A95F86E}
		{D2048FB3-3160-45A2-B987-8F1FD243B27E} = {4FCF754D-EAFC-499F-81D0-B8892A95F86E}
		{E236DE58-0A9A-4409-94F7-60FC84767C7E} = {36232F45-1E1B-4225-B622-633753929C37}
		{27C8C44B-F75A-4FD1-A02A-C7B4E364BEB5} = {36232F45-1E1B-4225-B622-633753929C37}
		{81FE7853-EC0C-4294-9E8A-498D202147DA} = {C2F8B1B1-8C2A-4CE8-928A-B960041F8699}
		{5B1885C4-30B5-42B4-A959-8D6D83DBDB40} = {926780AD-71CA-4EDC-9DAB-5E23AEF9F4FF}
		{6F26B013-38D6-4488-B618-D7E4CE4CF845} = {926780AD-71CA-4EDC-9DAB-5E23AEF9F4FF}
		{F4B3DFD0-3668-4649-AA15-D0098C909D3D} = {1E4550CD-DD11-4253-839A-6DEEA3A4BC8D}
		{EE232896-5B6D-4470-B308-7FC5217542DB} = {CFF83225-126E-4C45-9527-4EDC435248F0}
		{41BB3ED3-73BB-418A-A286-B9EF6383CDEA} = {C2F8B1B1-8C2A-4CE8-928A-B960041F8699}
		{BE26520B-1750-41B0-BD2E-70921B3F17FE} = {C2F8B1B1-8C2A-4CE8-928A-B960041F8699}
		{FCF4D373-C63B-41A0-A3F7-935189A7CE68} = {26105688-0978-4523-BD3D-84D76F1AA0A0}
		{CE13E3D0-9D81-4398-A91A-BC3D89EECFB2} = {FCF4D373-C63B-41A0-A3F7-935189A7CE68}
		{3E84F866-9EA5-4F30-AD33-8E50FB979AC7} = {FCF4D373-C63B-41A0-A3F7-935189A7CE68}
		{FB2BCBF4-3F86-48BC-A806-4D9CBD141A60} = {FCF4D373-C63B-41A0-A3F7-935189A7CE68}
		{AF5A2727-A506-4BD1-98EF-BDE045E776EC} = {FCF4D373-C63B-41A0-A3F7-935189A7CE68}
		{F0CCF5AE-6E37-40D6-B4BA-508C7BAEC324} = {FCF4D373-C63B-41A0-A3F7-935189A7CE68}
		{18D0E95A-8751-47D8-8F90-CB84186C43AA} = {FCF4D373-C63B-41A0-A3F7-935189A7CE68}
		{CEEF28C4-52C2-40A6-AD90-B438E79E4DEB} = {FCF4D373-C63B-41A0-A3F7-935189A7CE68}
		{6E557925-B0AF-45DE-BAB0-58D203B83892} = {FCF4D373-C63B-41A0-A3F7-935189A7CE68}
		{BDC2D16C-FB1A-424C-B3F6-794F3F2AB23D} = {FCF4D373-C63B-41A0-A3F7-935189A7CE68}
	EndGlobalSection
	GlobalSection(ExtensibilityGlobals) = postSolution
		SolutionGuid = {0E42F812-6AC8-43D9-A0BC-0F1E8A4F17A5}
	EndGlobalSection
EndGlobal
