
Microsoft Visual Studio Solution File, Format Version 12.00
# Visual Studio Version 17
VisualStudioVersion = 17.3.32929.385
MinimumVisualStudioVersion = 10.0.40219.1
Project("{2150E333-8FDC-42A3-9474-1A3956D46DE8}") = "Infrastructure", "Infrastructure", "{26105688-0978-4523-BD3D-84D76F1AA0A0}"
EndProject
Project("{2150E333-8FDC-42A3-9474-1A3956D46DE8}") = "Solution Items", "Solution Items", "{39F6EA58-AAFA-4559-8854-6C2C87F06694}"
	ProjectSection(SolutionItems) = preProject
		.editorconfig = .editorconfig
		common.codegen.props = common.codegen.props
		common.props = common.props
		common.test.benchmark.props = common.test.benchmark.props
		common.test.props = common.test.props
		common.xunit.codegen.props = common.xunit.codegen.props
		common.xunit.props = common.xunit.props
		Directory.Build.props = Directory.Build.props
		global.json = global.json
	EndProjectSection
EndProject
Project("{9A19103F-16F7-4668-BE54-9A1E7A4F7556}") = "OneI.Utilityable.Test", "Infrastructure\OneI.Utilityable.Test\OneI.Utilityable.Test.csproj", "{6C3F60FD-FBB7-40C1-91ED-40E80615B35B}"
EndProject
Project("{2150E333-8FDC-42A3-9474-1A3956D46DE8}") = "Utility", "Utility", "{C2F8B1B1-8C2A-4CE8-928A-B960041F8699}"
EndProject
Project("{9A19103F-16F7-4668-BE54-9A1E7A4F7556}") = "OneI.Utilityable", "Infrastructure\OneI.Utilityable\OneI.Utilityable.csproj", "{112CA9CD-0ECD-4B68-9FA6-08A44574FEC9}"
EndProject
Project("{2150E333-8FDC-42A3-9474-1A3956D46DE8}") = "Test", "Test", "{926780AD-71CA-4EDC-9DAB-5E23AEF9F4FF}"
EndProject
Project("{9A19103F-16F7-4668-BE54-9A1E7A4F7556}") = "OneT.CodeGenerator", "Test\OneT.CodeGenerator\OneT.CodeGenerator.csproj", "{05E822C8-92F8-49D0-A87F-2D0A5F03E9B0}"
EndProject
Project("{9A19103F-16F7-4668-BE54-9A1E7A4F7556}") = "OneI.Utilityable.Command", "Infrastructure\OneI.Utilityable.Command\OneI.Utilityable.Command.csproj", "{81FE7853-EC0C-4294-9E8A-498D202147DA}"
EndProject
Project("{2150E333-8FDC-42A3-9474-1A3956D46DE8}") = "Shared", "Shared", "{4A002385-E86A-43D0-9272-16FC438A0800}"
	ProjectSection(SolutionItems) = preProject
		Shared\Common\Check.cs = Shared\Common\Check.cs
		Shared\Common\CollectionExtensions.cs = Shared\Common\CollectionExtensions.cs
		Shared\Common\DictionaryExtensions.cs = Shared\Common\DictionaryExtensions.cs
		Shared\Common\DisposeAction.cs = Shared\Common\DisposeAction.cs
		Shared\Common\EnumerableExtensions.cs = Shared\Common\EnumerableExtensions.cs
		Shared\NETStandard\Index.cs = Shared\NETStandard\Index.cs
		Shared\Interop\Interop.Kernel32.cs = Shared\Interop\Interop.Kernel32.cs
		Shared\Common\IOTools.cs = Shared\Common\IOTools.cs
		Shared\Common\ListExtensions.cs = Shared\Common\ListExtensions.cs
		Shared\Common\QueryableExtensions.cs = Shared\Common\QueryableExtensions.cs
		Shared\Common\Randomizer.cs = Shared\Common\Randomizer.cs
		Shared\NETStandard\Range.cs = Shared\NETStandard\Range.cs
		Shared\Common\RangeExtensions.cs = Shared\Common\RangeExtensions.cs
		Shared\Common\ReflectionExtensions.cs = Shared\Common\ReflectionExtensions.cs
		Shared\Common\SharedConstants.cs = Shared\Common\SharedConstants.cs
		Shared\Common\StringExtensions.cs = Shared\Common\StringExtensions.cs
		Shared\Common\ThrowHelper.cs = Shared\Common\ThrowHelper.cs
	EndProjectSection
EndProject
Project("{9A19103F-16F7-4668-BE54-9A1E7A4F7556}") = "OneT.Benchmark", "Test\OneT.Benchmark\OneT.Benchmark.csproj", "{5B1885C4-30B5-42B4-A959-8D6D83DBDB40}"
EndProject
Project("{9A19103F-16F7-4668-BE54-9A1E7A4F7556}") = "OneT.Common", "Test\OneT.Common\OneT.Common.csproj", "{6F26B013-38D6-4488-B618-D7E4CE4CF845}"
EndProject
Project("{9A19103F-16F7-4668-BE54-9A1E7A4F7556}") = "OneI.Utilityable.Benchmark", "Infrastructure\OneI.Utilityable.Benchmark\OneI.Utilityable.Benchmark.csproj", "{41BB3ED3-73BB-418A-A286-B9EF6383CDEA}"
EndProject
Project("{2150E333-8FDC-42A3-9474-1A3956D46DE8}") = "Log", "Log", "{FCF4D373-C63B-41A0-A3F7-935189A7CE68}"
EndProject
Project("{9A19103F-16F7-4668-BE54-9A1E7A4F7556}") = "OneI.Logable", "Infrastructure\OneI.Logable\OneI.Logable.csproj", "{CE13E3D0-9D81-4398-A91A-BC3D89EECFB2}"
EndProject
Project("{9A19103F-16F7-4668-BE54-9A1E7A4F7556}") = "OneI.Logable.Benchmark", "Infrastructure\OneI.Logable.Benchmark\OneI.Logable.Benchmark.csproj", "{3E84F866-9EA5-4F30-AD33-8E50FB979AC7}"
EndProject
Project("{9A19103F-16F7-4668-BE54-9A1E7A4F7556}") = "OneI.Logable.CodeGenerator", "Infrastructure\OneI.Logable.CodeGenerator\OneI.Logable.CodeGenerator.csproj", "{FB2BCBF4-3F86-48BC-A806-4D9CBD141A60}"
EndProject
Project("{9A19103F-16F7-4668-BE54-9A1E7A4F7556}") = "OneI.Logable.CodeGenerator.Test", "Infrastructure\OneI.Logable.CodeGenerator.Test\OneI.Logable.CodeGenerator.Test.csproj", "{AF5A2727-A506-4BD1-98EF-BDE045E776EC}"
EndProject
Project("{9A19103F-16F7-4668-BE54-9A1E7A4F7556}") = "OneI.Logable.Extensions", "Infrastructure\OneI.Logable.Extensions\OneI.Logable.Extensions.csproj", "{F0CCF5AE-6E37-40D6-B4BA-508C7BAEC324}"
EndProject
Project("{9A19103F-16F7-4668-BE54-9A1E7A4F7556}") = "OneI.Logable.File", "Infrastructure\OneI.Logable.File\OneI.Logable.File.csproj", "{CEEF28C4-52C2-40A6-AD90-B438E79E4DEB}"
EndProject
Project("{9A19103F-16F7-4668-BE54-9A1E7A4F7556}") = "OneI.Logable.Test", "Infrastructure\OneI.Logable.Test\OneI.Logable.Test.csproj", "{6E557925-B0AF-45DE-BAB0-58D203B83892}"
EndProject
Project("{2150E333-8FDC-42A3-9474-1A3956D46DE8}") = "Host", "Host", "{E75B25D6-82AF-4940-9766-5A67008483E0}"
EndProject
Project("{9A19103F-16F7-4668-BE54-9A1E7A4F7556}") = "OneI.Hostable", "Infrastructure\OneI.Hostable\OneI.Hostable.csproj", "{00E1BE0F-0924-4ACB-BCF4-AFE1F1795E4C}"
EndProject
Project("{9A19103F-16F7-4668-BE54-9A1E7A4F7556}") = "OneI.Hostable.Abstractions", "Infrastructure\OneI.Hostable.Abstractions\OneI.Hostable.Abstractions.csproj", "{8CFE4D5A-23FC-4274-AD05-1AB5CCEF4CA4}"
EndProject
Project("{9A19103F-16F7-4668-BE54-9A1E7A4F7556}") = "OneI.Hostable.Windows", "Infrastructure\OneI.Hostable.Windows\OneI.Hostable.Windows.csproj", "{EF75E2A2-D523-4ADE-B10F-193BBA81D577}"
EndProject
Project("{9A19103F-16F7-4668-BE54-9A1E7A4F7556}") = "OneI.Hostable.Systemd", "Infrastructure\OneI.Hostable.Systemd\OneI.Hostable.Systemd.csproj", "{8BEF2ACA-B910-4FF7-AF6B-BDBCF3C5B18F}"
EndProject
Project("{9A19103F-16F7-4668-BE54-9A1E7A4F7556}") = "OneI.Hostable.Test", "Infrastructure\OneI.Hostable.Test\OneI.Hostable.Test.csproj", "{BB450135-F2E9-445C-8914-5CE340253254}"
EndProject
Project("{9A19103F-16F7-4668-BE54-9A1E7A4F7556}") = "OneI.Openable.Abstractions", "Infrastructure\OneI.Openable.Abstractions\OneI.Openable.Abstractions.csproj", "{C2F41635-786D-4F2C-A282-B4DB13918778}"
EndProject
Project("{2150E333-8FDC-42A3-9474-1A3956D46DE8}") = "Open", "Open", "{6FCD5C17-C5C5-41F2-8C47-88BEEC0FE9FF}"
EndProject
Project("{9A19103F-16F7-4668-BE54-9A1E7A4F7556}") = "OneI.Openable", "Infrastructure\OneI.Openable\OneI.Openable.csproj", "{5C53F91B-52D1-4F08-84D8-D7A3F2ABB877}"
EndProject
Project("{9A19103F-16F7-4668-BE54-9A1E7A4F7556}") = "OneI.Logable.Test.Console", "Infrastructure\OneI.Logable.Test.Console\OneI.Logable.Test.Console.csproj", "{F28B5A44-A09C-49ED-92C0-F57EABB6F4BD}"
EndProject
Project("{2150E333-8FDC-42A3-9474-1A3956D46DE8}") = "Generate", "Generate", "{48118014-CAD0-4D3F-8AB7-A338461FB352}"
EndProject
Project("{9A19103F-16F7-4668-BE54-9A1E7A4F7556}") = "OneI.Generateable.Generic", "Infrastructure\OneI.Generateable.Generic\OneI.Generateable.Generic.csproj", "{B4F6BAD5-E5F2-486C-8F17-DDA266257910}"
EndProject
Project("{9A19103F-16F7-4668-BE54-9A1E7A4F7556}") = "OneI.Generateable.Test", "Infrastructure\OneI.Generateable.Test\OneI.Generateable.Test.csproj", "{A0435BE3-4F0C-44B5-AD54-1E0C55FF7BBB}"
EndProject
Global
	GlobalSection(SolutionConfigurationPlatforms) = preSolution
		Debug|Any CPU = Debug|Any CPU
		Release|Any CPU = Release|Any CPU
	EndGlobalSection
	GlobalSection(ProjectConfigurationPlatforms) = postSolution
		{6C3F60FD-FBB7-40C1-91ED-40E80615B35B}.Debug|Any CPU.ActiveCfg = Debug|Any CPU
		{6C3F60FD-FBB7-40C1-91ED-40E80615B35B}.Debug|Any CPU.Build.0 = Debug|Any CPU
		{6C3F60FD-FBB7-40C1-91ED-40E80615B35B}.Release|Any CPU.ActiveCfg = Release|Any CPU
		{6C3F60FD-FBB7-40C1-91ED-40E80615B35B}.Release|Any CPU.Build.0 = Release|Any CPU
		{112CA9CD-0ECD-4B68-9FA6-08A44574FEC9}.Debug|Any CPU.ActiveCfg = Debug|Any CPU
		{112CA9CD-0ECD-4B68-9FA6-08A44574FEC9}.Debug|Any CPU.Build.0 = Debug|Any CPU
		{112CA9CD-0ECD-4B68-9FA6-08A44574FEC9}.Release|Any CPU.ActiveCfg = Release|Any CPU
		{112CA9CD-0ECD-4B68-9FA6-08A44574FEC9}.Release|Any CPU.Build.0 = Release|Any CPU
		{05E822C8-92F8-49D0-A87F-2D0A5F03E9B0}.Debug|Any CPU.ActiveCfg = Debug|Any CPU
		{05E822C8-92F8-49D0-A87F-2D0A5F03E9B0}.Debug|Any CPU.Build.0 = Debug|Any CPU
		{05E822C8-92F8-49D0-A87F-2D0A5F03E9B0}.Release|Any CPU.ActiveCfg = Release|Any CPU
		{05E822C8-92F8-49D0-A87F-2D0A5F03E9B0}.Release|Any CPU.Build.0 = Release|Any CPU
		{81FE7853-EC0C-4294-9E8A-498D202147DA}.Debug|Any CPU.ActiveCfg = Debug|Any CPU
		{81FE7853-EC0C-4294-9E8A-498D202147DA}.Debug|Any CPU.Build.0 = Debug|Any CPU
		{81FE7853-EC0C-4294-9E8A-498D202147DA}.Release|Any CPU.ActiveCfg = Release|Any CPU
		{81FE7853-EC0C-4294-9E8A-498D202147DA}.Release|Any CPU.Build.0 = Release|Any CPU
		{5B1885C4-30B5-42B4-A959-8D6D83DBDB40}.Debug|Any CPU.ActiveCfg = Debug|Any CPU
		{5B1885C4-30B5-42B4-A959-8D6D83DBDB40}.Debug|Any CPU.Build.0 = Debug|Any CPU
		{5B1885C4-30B5-42B4-A959-8D6D83DBDB40}.Release|Any CPU.ActiveCfg = Release|Any CPU
		{5B1885C4-30B5-42B4-A959-8D6D83DBDB40}.Release|Any CPU.Build.0 = Release|Any CPU
		{6F26B013-38D6-4488-B618-D7E4CE4CF845}.Debug|Any CPU.ActiveCfg = Debug|Any CPU
		{6F26B013-38D6-4488-B618-D7E4CE4CF845}.Debug|Any CPU.Build.0 = Debug|Any CPU
		{6F26B013-38D6-4488-B618-D7E4CE4CF845}.Release|Any CPU.ActiveCfg = Release|Any CPU
		{6F26B013-38D6-4488-B618-D7E4CE4CF845}.Release|Any CPU.Build.0 = Release|Any CPU
		{41BB3ED3-73BB-418A-A286-B9EF6383CDEA}.Debug|Any CPU.ActiveCfg = Debug|Any CPU
		{41BB3ED3-73BB-418A-A286-B9EF6383CDEA}.Debug|Any CPU.Build.0 = Debug|Any CPU
		{41BB3ED3-73BB-418A-A286-B9EF6383CDEA}.Release|Any CPU.ActiveCfg = Release|Any CPU
		{41BB3ED3-73BB-418A-A286-B9EF6383CDEA}.Release|Any CPU.Build.0 = Release|Any CPU
		{CE13E3D0-9D81-4398-A91A-BC3D89EECFB2}.Debug|Any CPU.ActiveCfg = Debug|Any CPU
		{CE13E3D0-9D81-4398-A91A-BC3D89EECFB2}.Debug|Any CPU.Build.0 = Debug|Any CPU
		{CE13E3D0-9D81-4398-A91A-BC3D89EECFB2}.Release|Any CPU.ActiveCfg = Release|Any CPU
		{CE13E3D0-9D81-4398-A91A-BC3D89EECFB2}.Release|Any CPU.Build.0 = Release|Any CPU
		{3E84F866-9EA5-4F30-AD33-8E50FB979AC7}.Debug|Any CPU.ActiveCfg = Debug|Any CPU
		{3E84F866-9EA5-4F30-AD33-8E50FB979AC7}.Debug|Any CPU.Build.0 = Debug|Any CPU
		{3E84F866-9EA5-4F30-AD33-8E50FB979AC7}.Release|Any CPU.ActiveCfg = Release|Any CPU
		{3E84F866-9EA5-4F30-AD33-8E50FB979AC7}.Release|Any CPU.Build.0 = Release|Any CPU
		{FB2BCBF4-3F86-48BC-A806-4D9CBD141A60}.Debug|Any CPU.ActiveCfg = Debug|Any CPU
		{FB2BCBF4-3F86-48BC-A806-4D9CBD141A60}.Debug|Any CPU.Build.0 = Debug|Any CPU
		{FB2BCBF4-3F86-48BC-A806-4D9CBD141A60}.Release|Any CPU.ActiveCfg = Release|Any CPU
		{FB2BCBF4-3F86-48BC-A806-4D9CBD141A60}.Release|Any CPU.Build.0 = Release|Any CPU
		{AF5A2727-A506-4BD1-98EF-BDE045E776EC}.Debug|Any CPU.ActiveCfg = Debug|Any CPU
		{AF5A2727-A506-4BD1-98EF-BDE045E776EC}.Debug|Any CPU.Build.0 = Debug|Any CPU
		{AF5A2727-A506-4BD1-98EF-BDE045E776EC}.Release|Any CPU.ActiveCfg = Release|Any CPU
		{AF5A2727-A506-4BD1-98EF-BDE045E776EC}.Release|Any CPU.Build.0 = Release|Any CPU
		{F0CCF5AE-6E37-40D6-B4BA-508C7BAEC324}.Debug|Any CPU.ActiveCfg = Debug|Any CPU
		{F0CCF5AE-6E37-40D6-B4BA-508C7BAEC324}.Debug|Any CPU.Build.0 = Debug|Any CPU
		{F0CCF5AE-6E37-40D6-B4BA-508C7BAEC324}.Release|Any CPU.ActiveCfg = Release|Any CPU
		{F0CCF5AE-6E37-40D6-B4BA-508C7BAEC324}.Release|Any CPU.Build.0 = Release|Any CPU
		{CEEF28C4-52C2-40A6-AD90-B438E79E4DEB}.Debug|Any CPU.ActiveCfg = Debug|Any CPU
		{CEEF28C4-52C2-40A6-AD90-B438E79E4DEB}.Debug|Any CPU.Build.0 = Debug|Any CPU
		{CEEF28C4-52C2-40A6-AD90-B438E79E4DEB}.Release|Any CPU.ActiveCfg = Release|Any CPU
		{CEEF28C4-52C2-40A6-AD90-B438E79E4DEB}.Release|Any CPU.Build.0 = Release|Any CPU
		{6E557925-B0AF-45DE-BAB0-58D203B83892}.Debug|Any CPU.ActiveCfg = Debug|Any CPU
		{6E557925-B0AF-45DE-BAB0-58D203B83892}.Debug|Any CPU.Build.0 = Debug|Any CPU
		{6E557925-B0AF-45DE-BAB0-58D203B83892}.Release|Any CPU.ActiveCfg = Release|Any CPU
		{6E557925-B0AF-45DE-BAB0-58D203B83892}.Release|Any CPU.Build.0 = Release|Any CPU
		{00E1BE0F-0924-4ACB-BCF4-AFE1F1795E4C}.Debug|Any CPU.ActiveCfg = Debug|Any CPU
		{00E1BE0F-0924-4ACB-BCF4-AFE1F1795E4C}.Debug|Any CPU.Build.0 = Debug|Any CPU
		{00E1BE0F-0924-4ACB-BCF4-AFE1F1795E4C}.Release|Any CPU.ActiveCfg = Release|Any CPU
		{00E1BE0F-0924-4ACB-BCF4-AFE1F1795E4C}.Release|Any CPU.Build.0 = Release|Any CPU
		{8CFE4D5A-23FC-4274-AD05-1AB5CCEF4CA4}.Debug|Any CPU.ActiveCfg = Debug|Any CPU
		{8CFE4D5A-23FC-4274-AD05-1AB5CCEF4CA4}.Debug|Any CPU.Build.0 = Debug|Any CPU
		{8CFE4D5A-23FC-4274-AD05-1AB5CCEF4CA4}.Release|Any CPU.ActiveCfg = Release|Any CPU
		{8CFE4D5A-23FC-4274-AD05-1AB5CCEF4CA4}.Release|Any CPU.Build.0 = Release|Any CPU
		{EF75E2A2-D523-4ADE-B10F-193BBA81D577}.Debug|Any CPU.ActiveCfg = Debug|Any CPU
		{EF75E2A2-D523-4ADE-B10F-193BBA81D577}.Debug|Any CPU.Build.0 = Debug|Any CPU
		{EF75E2A2-D523-4ADE-B10F-193BBA81D577}.Release|Any CPU.ActiveCfg = Release|Any CPU
		{EF75E2A2-D523-4ADE-B10F-193BBA81D577}.Release|Any CPU.Build.0 = Release|Any CPU
		{8BEF2ACA-B910-4FF7-AF6B-BDBCF3C5B18F}.Debug|Any CPU.ActiveCfg = Debug|Any CPU
		{8BEF2ACA-B910-4FF7-AF6B-BDBCF3C5B18F}.Debug|Any CPU.Build.0 = Debug|Any CPU
		{8BEF2ACA-B910-4FF7-AF6B-BDBCF3C5B18F}.Release|Any CPU.ActiveCfg = Release|Any CPU
		{8BEF2ACA-B910-4FF7-AF6B-BDBCF3C5B18F}.Release|Any CPU.Build.0 = Release|Any CPU
		{BB450135-F2E9-445C-8914-5CE340253254}.Debug|Any CPU.ActiveCfg = Debug|Any CPU
		{BB450135-F2E9-445C-8914-5CE340253254}.Debug|Any CPU.Build.0 = Debug|Any CPU
		{BB450135-F2E9-445C-8914-5CE340253254}.Release|Any CPU.ActiveCfg = Release|Any CPU
		{BB450135-F2E9-445C-8914-5CE340253254}.Release|Any CPU.Build.0 = Release|Any CPU
		{C2F41635-786D-4F2C-A282-B4DB13918778}.Debug|Any CPU.ActiveCfg = Debug|Any CPU
		{C2F41635-786D-4F2C-A282-B4DB13918778}.Debug|Any CPU.Build.0 = Debug|Any CPU
		{C2F41635-786D-4F2C-A282-B4DB13918778}.Release|Any CPU.ActiveCfg = Release|Any CPU
		{C2F41635-786D-4F2C-A282-B4DB13918778}.Release|Any CPU.Build.0 = Release|Any CPU
		{5C53F91B-52D1-4F08-84D8-D7A3F2ABB877}.Debug|Any CPU.ActiveCfg = Debug|Any CPU
		{5C53F91B-52D1-4F08-84D8-D7A3F2ABB877}.Debug|Any CPU.Build.0 = Debug|Any CPU
		{5C53F91B-52D1-4F08-84D8-D7A3F2ABB877}.Release|Any CPU.ActiveCfg = Release|Any CPU
		{5C53F91B-52D1-4F08-84D8-D7A3F2ABB877}.Release|Any CPU.Build.0 = Release|Any CPU
		{F28B5A44-A09C-49ED-92C0-F57EABB6F4BD}.Debug|Any CPU.ActiveCfg = Debug|Any CPU
		{F28B5A44-A09C-49ED-92C0-F57EABB6F4BD}.Debug|Any CPU.Build.0 = Debug|Any CPU
		{F28B5A44-A09C-49ED-92C0-F57EABB6F4BD}.Release|Any CPU.ActiveCfg = Release|Any CPU
		{F28B5A44-A09C-49ED-92C0-F57EABB6F4BD}.Release|Any CPU.Build.0 = Release|Any CPU
		{B4F6BAD5-E5F2-486C-8F17-DDA266257910}.Debug|Any CPU.ActiveCfg = Debug|Any CPU
		{B4F6BAD5-E5F2-486C-8F17-DDA266257910}.Debug|Any CPU.Build.0 = Debug|Any CPU
		{B4F6BAD5-E5F2-486C-8F17-DDA266257910}.Release|Any CPU.ActiveCfg = Release|Any CPU
		{B4F6BAD5-E5F2-486C-8F17-DDA266257910}.Release|Any CPU.Build.0 = Release|Any CPU
		{A0435BE3-4F0C-44B5-AD54-1E0C55FF7BBB}.Debug|Any CPU.ActiveCfg = Debug|Any CPU
		{A0435BE3-4F0C-44B5-AD54-1E0C55FF7BBB}.Debug|Any CPU.Build.0 = Debug|Any CPU
		{A0435BE3-4F0C-44B5-AD54-1E0C55FF7BBB}.Release|Any CPU.ActiveCfg = Release|Any CPU
		{A0435BE3-4F0C-44B5-AD54-1E0C55FF7BBB}.Release|Any CPU.Build.0 = Release|Any CPU
	EndGlobalSection
	GlobalSection(SolutionProperties) = preSolution
		HideSolutionNode = FALSE
	EndGlobalSection
	GlobalSection(NestedProjects) = preSolution
		{6C3F60FD-FBB7-40C1-91ED-40E80615B35B} = {C2F8B1B1-8C2A-4CE8-928A-B960041F8699}
		{C2F8B1B1-8C2A-4CE8-928A-B960041F8699} = {26105688-0978-4523-BD3D-84D76F1AA0A0}
		{112CA9CD-0ECD-4B68-9FA6-08A44574FEC9} = {C2F8B1B1-8C2A-4CE8-928A-B960041F8699}
		{05E822C8-92F8-49D0-A87F-2D0A5F03E9B0} = {926780AD-71CA-4EDC-9DAB-5E23AEF9F4FF}
		{81FE7853-EC0C-4294-9E8A-498D202147DA} = {C2F8B1B1-8C2A-4CE8-928A-B960041F8699}
		{5B1885C4-30B5-42B4-A959-8D6D83DBDB40} = {926780AD-71CA-4EDC-9DAB-5E23AEF9F4FF}
		{6F26B013-38D6-4488-B618-D7E4CE4CF845} = {926780AD-71CA-4EDC-9DAB-5E23AEF9F4FF}
		{41BB3ED3-73BB-418A-A286-B9EF6383CDEA} = {C2F8B1B1-8C2A-4CE8-928A-B960041F8699}
		{FCF4D373-C63B-41A0-A3F7-935189A7CE68} = {26105688-0978-4523-BD3D-84D76F1AA0A0}
		{CE13E3D0-9D81-4398-A91A-BC3D89EECFB2} = {FCF4D373-C63B-41A0-A3F7-935189A7CE68}
		{3E84F866-9EA5-4F30-AD33-8E50FB979AC7} = {FCF4D373-C63B-41A0-A3F7-935189A7CE68}
		{FB2BCBF4-3F86-48BC-A806-4D9CBD141A60} = {FCF4D373-C63B-41A0-A3F7-935189A7CE68}
		{AF5A2727-A506-4BD1-98EF-BDE045E776EC} = {FCF4D373-C63B-41A0-A3F7-935189A7CE68}
		{F0CCF5AE-6E37-40D6-B4BA-508C7BAEC324} = {FCF4D373-C63B-41A0-A3F7-935189A7CE68}
		{CEEF28C4-52C2-40A6-AD90-B438E79E4DEB} = {FCF4D373-C63B-41A0-A3F7-935189A7CE68}
		{6E557925-B0AF-45DE-BAB0-58D203B83892} = {FCF4D373-C63B-41A0-A3F7-935189A7CE68}
		{E75B25D6-82AF-4940-9766-5A67008483E0} = {26105688-0978-4523-BD3D-84D76F1AA0A0}
		{00E1BE0F-0924-4ACB-BCF4-AFE1F1795E4C} = {E75B25D6-82AF-4940-9766-5A67008483E0}
		{8CFE4D5A-23FC-4274-AD05-1AB5CCEF4CA4} = {E75B25D6-82AF-4940-9766-5A67008483E0}
		{EF75E2A2-D523-4ADE-B10F-193BBA81D577} = {E75B25D6-82AF-4940-9766-5A67008483E0}
		{8BEF2ACA-B910-4FF7-AF6B-BDBCF3C5B18F} = {E75B25D6-82AF-4940-9766-5A67008483E0}
		{BB450135-F2E9-445C-8914-5CE340253254} = {E75B25D6-82AF-4940-9766-5A67008483E0}
		{C2F41635-786D-4F2C-A282-B4DB13918778} = {6FCD5C17-C5C5-41F2-8C47-88BEEC0FE9FF}
		{6FCD5C17-C5C5-41F2-8C47-88BEEC0FE9FF} = {26105688-0978-4523-BD3D-84D76F1AA0A0}
		{5C53F91B-52D1-4F08-84D8-D7A3F2ABB877} = {6FCD5C17-C5C5-41F2-8C47-88BEEC0FE9FF}
		{F28B5A44-A09C-49ED-92C0-F57EABB6F4BD} = {FCF4D373-C63B-41A0-A3F7-935189A7CE68}
		{48118014-CAD0-4D3F-8AB7-A338461FB352} = {26105688-0978-4523-BD3D-84D76F1AA0A0}
		{B4F6BAD5-E5F2-486C-8F17-DDA266257910} = {48118014-CAD0-4D3F-8AB7-A338461FB352}
		{A0435BE3-4F0C-44B5-AD54-1E0C55FF7BBB} = {48118014-CAD0-4D3F-8AB7-A338461FB352}
	EndGlobalSection
	GlobalSection(ExtensibilityGlobals) = postSolution
		SolutionGuid = {0E42F812-6AC8-43D9-A0BC-0F1E8A4F17A5}
	EndGlobalSection
EndGlobal
