
Microsoft Visual Studio Solution File, Format Version 12.00
# Visual Studio Version 17
VisualStudioVersion = 17.3.32929.385
MinimumVisualStudioVersion = 10.0.40219.1
Project("{2150E333-8FDC-42A3-9474-1A3956D46DE8}") = "Infrastructure", "Infrastructure", "{26105688-0978-4523-BD3D-84D76F1AA0A0}"
EndProject
Project("{2150E333-8FDC-42A3-9474-1A3956D46DE8}") = "Solution Items", "Solution Items", "{39F6EA58-AAFA-4559-8854-6C2C87F06694}"
	ProjectSection(SolutionItems) = preProject
		.editorconfig = .editorconfig
		common.codegen.props = common.codegen.props
		common.props = common.props
		common.test.benchmark.props = common.test.benchmark.props
		common.test.props = common.test.props
		common.xunit.codegen.props = common.xunit.codegen.props
		common.xunit.props = common.xunit.props
		Directory.Build.props = Directory.Build.props
	EndProjectSection
EndProject
Project("{9A19103F-16F7-4668-BE54-9A1E7A4F7556}") = "OneI.Utilityable.Test", "Infrastructure\OneI.Utilityable.Test\OneI.Utilityable.Test.csproj", "{6C3F60FD-FBB7-40C1-91ED-40E80615B35B}"
EndProject
Project("{2150E333-8FDC-42A3-9474-1A3956D46DE8}") = "Utility", "Utility", "{C2F8B1B1-8C2A-4CE8-928A-B960041F8699}"
EndProject
Project("{9A19103F-16F7-4668-BE54-9A1E7A4F7556}") = "OneI.Utilityable", "Infrastructure\OneI.Utilityable\OneI.Utilityable.csproj", "{112CA9CD-0ECD-4B68-9FA6-08A44574FEC9}"
EndProject
Project("{2150E333-8FDC-42A3-9474-1A3956D46DE8}") = "Test", "Test", "{926780AD-71CA-4EDC-9DAB-5E23AEF9F4FF}"
EndProject
Project("{9A19103F-16F7-4668-BE54-9A1E7A4F7556}") = "OneT.CodeGenerator", "Test\OneT.CodeGenerator\OneT.CodeGenerator.csproj", "{05E822C8-92F8-49D0-A87F-2D0A5F03E9B0}"
EndProject
Project("{9A19103F-16F7-4668-BE54-9A1E7A4F7556}") = "OneI.Utilityable.Command", "Infrastructure\OneI.Utilityable.Command\OneI.Utilityable.Command.csproj", "{81FE7853-EC0C-4294-9E8A-498D202147DA}"
EndProject
Project("{2150E333-8FDC-42A3-9474-1A3956D46DE8}") = "Shared", "Shared", "{4A002385-E86A-43D0-9272-16FC438A0800}"
EndProject
Project("{9A19103F-16F7-4668-BE54-9A1E7A4F7556}") = "OneT.Benchmark", "Test\OneT.Benchmark\OneT.Benchmark.csproj", "{5B1885C4-30B5-42B4-A959-8D6D83DBDB40}"
EndProject
Project("{9A19103F-16F7-4668-BE54-9A1E7A4F7556}") = "OneT.Common", "Test\OneT.Common\OneT.Common.csproj", "{6F26B013-38D6-4488-B618-D7E4CE4CF845}"
EndProject
Project("{9A19103F-16F7-4668-BE54-9A1E7A4F7556}") = "OneI.Utilityable.Benchmark", "Infrastructure\OneI.Utilityable.Benchmark\OneI.Utilityable.Benchmark.csproj", "{41BB3ED3-73BB-418A-A286-B9EF6383CDEA}"
EndProject
Project("{2150E333-8FDC-42A3-9474-1A3956D46DE8}") = "Log", "Log", "{FCF4D373-C63B-41A0-A3F7-935189A7CE68}"
EndProject
Project("{9A19103F-16F7-4668-BE54-9A1E7A4F7556}") = "OneI.Logable", "Infrastructure\OneI.Logable\OneI.Logable.csproj", "{CE13E3D0-9D81-4398-A91A-BC3D89EECFB2}"
EndProject
Project("{9A19103F-16F7-4668-BE54-9A1E7A4F7556}") = "OneI.Logable.Benchmark", "Infrastructure\OneI.Logable.Benchmark\OneI.Logable.Benchmark.csproj", "{3E84F866-9EA5-4F30-AD33-8E50FB979AC7}"
EndProject
Project("{9A19103F-16F7-4668-BE54-9A1E7A4F7556}") = "OneI.Logable.CodeGenerator", "Infrastructure\OneI.Logable.CodeGenerator\OneI.Logable.CodeGenerator.csproj", "{FB2BCBF4-3F86-48BC-A806-4D9CBD141A60}"
EndProject
Project("{9A19103F-16F7-4668-BE54-9A1E7A4F7556}") = "OneI.Logable.CodeGenerator.Test", "Infrastructure\OneI.Logable.CodeGenerator.Test\OneI.Logable.CodeGenerator.Test.csproj", "{AF5A2727-A506-4BD1-98EF-BDE045E776EC}"
EndProject
Project("{9A19103F-16F7-4668-BE54-9A1E7A4F7556}") = "OneI.Logable.Extensions", "Infrastructure\OneI.Logable.Extensions\OneI.Logable.Extensions.csproj", "{F0CCF5AE-6E37-40D6-B4BA-508C7BAEC324}"
EndProject
Project("{9A19103F-16F7-4668-BE54-9A1E7A4F7556}") = "OneI.Logable.File", "Infrastructure\OneI.Logable.File\OneI.Logable.File.csproj", "{CEEF28C4-52C2-40A6-AD90-B438E79E4DEB}"
EndProject
Project("{9A19103F-16F7-4668-BE54-9A1E7A4F7556}") = "OneI.Logable.Test", "Infrastructure\OneI.Logable.Test\OneI.Logable.Test.csproj", "{6E557925-B0AF-45DE-BAB0-58D203B83892}"
EndProject
Project("{9A19103F-16F7-4668-BE54-9A1E7A4F7556}") = "OneI.Openable.Abstractions", "Infrastructure\OneI.Openable.Abstractions\OneI.Openable.Abstractions.csproj", "{C2F41635-786D-4F2C-A282-B4DB13918778}"
EndProject
Project("{2150E333-8FDC-42A3-9474-1A3956D46DE8}") = "Open", "Open", "{6FCD5C17-C5C5-41F2-8C47-88BEEC0FE9FF}"
EndProject
Project("{9A19103F-16F7-4668-BE54-9A1E7A4F7556}") = "OneI.Openable", "Infrastructure\OneI.Openable\OneI.Openable.csproj", "{5C53F91B-52D1-4F08-84D8-D7A3F2ABB877}"
EndProject
Project("{9A19103F-16F7-4668-BE54-9A1E7A4F7556}") = "OneI.Logable.Test.Console", "Infrastructure\OneI.Logable.Test.Console\OneI.Logable.Test.Console.csproj", "{F28B5A44-A09C-49ED-92C0-F57EABB6F4BD}"
EndProject
Project("{2150E333-8FDC-42A3-9474-1A3956D46DE8}") = "Generate", "Generate", "{48118014-CAD0-4D3F-8AB7-A338461FB352}"
EndProject
Project("{9A19103F-16F7-4668-BE54-9A1E7A4F7556}") = "OneI.Generateable.Generic", "Infrastructure\OneI.Generateable.Generic\OneI.Generateable.Generic.csproj", "{B4F6BAD5-E5F2-486C-8F17-DDA266257910}"
EndProject
Project("{9A19103F-16F7-4668-BE54-9A1E7A4F7556}") = "OneI.Generateable.Test", "Infrastructure\OneI.Generateable.Test\OneI.Generateable.Test.csproj", "{A0435BE3-4F0C-44B5-AD54-1E0C55FF7BBB}"
EndProject
Project("{2150E333-8FDC-42A3-9474-1A3956D46DE8}") = "Common", "Common", "{BC806539-8E52-4D66-8BC4-963E49E28E68}"
	ProjectSection(SolutionItems) = preProject
		Shared\Common\Check.cs = Shared\Common\Check.cs
		Shared\Common\CollectionExtensions.cs = Shared\Common\CollectionExtensions.cs
		Shared\Common\DictionaryExtensions.cs = Shared\Common\DictionaryExtensions.cs
		Shared\Common\DisposeAction.cs = Shared\Common\DisposeAction.cs
		Shared\Common\EnumerableExtensions.cs = Shared\Common\EnumerableExtensions.cs
		Shared\Common\IOTools.cs = Shared\Common\IOTools.cs
		Shared\Common\ListExtensions.cs = Shared\Common\ListExtensions.cs
		Shared\Common\QueryableExtensions.cs = Shared\Common\QueryableExtensions.cs
		Shared\Common\Randomizer.cs = Shared\Common\Randomizer.cs
		Shared\Common\RangeExtensions.cs = Shared\Common\RangeExtensions.cs
		Shared\Common\ReflectionExtensions.cs = Shared\Common\ReflectionExtensions.cs
		Shared\Common\SharedConstants.cs = Shared\Common\SharedConstants.cs
		Shared\Common\StringExtensions.cs = Shared\Common\StringExtensions.cs
		Shared\Common\ThrowHelper.cs = Shared\Common\ThrowHelper.cs
	EndProjectSection
EndProject
Project("{2150E333-8FDC-42A3-9474-1A3956D46DE8}") = "NETStandard", "NETStandard", "{FCD0620D-0B5E-4B29-9157-AAC3064B0417}"
	ProjectSection(SolutionItems) = preProject
		Shared\NETStandard\Index.cs = Shared\NETStandard\Index.cs
		Shared\NETStandard\Range.cs = Shared\NETStandard\Range.cs
	EndProjectSection
EndProject
Project("{2150E333-8FDC-42A3-9474-1A3956D46DE8}") = "Interop", "Interop", "{92B1A1AE-B07B-4176-B4DD-12B847C71451}"
	ProjectSection(SolutionItems) = preProject
		Shared\Interop\Interop.Kernel32.cs = Shared\Interop\Interop.Kernel32.cs
		Shared\Unix\Interop.Libc.cs = Shared\Unix\Interop.Libc.cs
	EndProjectSection
EndProject
Project("{2150E333-8FDC-42A3-9474-1A3956D46DE8}") = "Unix", "Unix", "{812C5271-149D-4787-816F-CC89C8F16630}"
	ProjectSection(SolutionItems) = preProject
		Shared\Unix\SharedConstants.Unix.cs = Shared\Unix\SharedConstants.Unix.cs
	EndProjectSection
EndProject
Project("{9A19103F-16F7-4668-BE54-9A1E7A4F7556}") = "OneI.Logable.Extensions.Console", "Infrastructure\OneI.Logable.Extensions.Console\OneI.Logable.Extensions.Console.csproj", "{7968CAB3-D2D0-4E1A-A067-35C2355D5699}"
EndProject
Project("{9A19103F-16F7-4668-BE54-9A1E7A4F7556}") = "OneI.Logable.Extensions.Console.Test", "Infrastructure\OneI.Logable.Extensions.Console.Test\OneI.Logable.Extensions.Console.Test.csproj", "{2346F13B-3FBE-484E-9DE5-D34B6EEC22BA}"
EndProject
Project("{9A19103F-16F7-4668-BE54-9A1E7A4F7556}") = "OneI.Logable.Extensions.Email", "Infrastructure\OneI.Logable.Extensions.Email\OneI.Logable.Extensions.Email.csproj", "{23F07477-F861-4CBC-8548-A58AC5FCAC82}"
EndProject
Project("{2150E333-8FDC-42A3-9474-1A3956D46DE8}") = "Module", "Module", "{5787A01F-C5BF-44F0-9734-C41B3107BD98}"
EndProject
Project("{9A19103F-16F7-4668-BE54-9A1E7A4F7556}") = "OneI.Moduleable.Abstractions", "Infrastructure\OneI.Moduleable.Abstractions\OneI.Moduleable.Abstractions.csproj", "{10605F6B-C747-4568-A823-64D56D9AE54B}"
EndProject
Project("{9A19103F-16F7-4668-BE54-9A1E7A4F7556}") = "OneI.Moduleable.Test", "Infrastructure\OneI.Moduleable.Test\OneI.Moduleable.Test.csproj", "{4114B86D-1099-4853-B816-B91DBD529A44}"
EndProject
Project("{9A19103F-16F7-4668-BE54-9A1E7A4F7556}") = "OneI.Moduleable.DependencyInjection.CodeGenerator", "Infrastructure\OneI.Moduleable.DependencyInjection.CodeGenerator\OneI.Moduleable.DependencyInjection.CodeGenerator.csproj", "{A1A0440F-ABE9-45BD-A28B-B2E35ED5FDF8}"
EndProject
Project("{9A19103F-16F7-4668-BE54-9A1E7A4F7556}") = "OneI.Applicationable.Abstractions", "Infrastructure\OneI.Applicationable.Abstractions\OneI.Applicationable.Abstractions.csproj", "{D922C6A8-400A-4B5A-BAB7-EF3A93B1CFE7}"
EndProject
Project("{2150E333-8FDC-42A3-9474-1A3956D46DE8}") = "Application", "Application", "{93A923FB-DF91-46ED-84D7-861EAD083816}"
EndProject
Project("{9A19103F-16F7-4668-BE54-9A1E7A4F7556}") = "OneI.Logable.Abstractions", "Infrastructure\OneI.Logable.Abstractions\OneI.Logable.Abstractions.csproj", "{1A4011FF-EC9B-45EC-A45B-E237F2DCF663}"
EndProject
Project("{9A19103F-16F7-4668-BE54-9A1E7A4F7556}") = "OneI.Moduleable.Benchmark", "Infrastructure\OneI.Moduleable.Benchmark\OneI.Moduleable.Benchmark.csproj", "{29707651-4C78-40BD-B755-9CD62B0ECD4B}"
EndProject
Project("{9A19103F-16F7-4668-BE54-9A1E7A4F7556}") = "OneI.Applicationable.Test.API", "Infrastructure\OneI.Applicationable.Test.API\OneI.Applicationable.Test.API.csproj", "{1694A575-AD5A-4062-B304-68181211566B}"
EndProject
Project("{9A19103F-16F7-4668-BE54-9A1E7A4F7556}") = "OneI.Applicationable.Test", "Infrastructure\OneI.Applicationable.Test\OneI.Applicationable.Test.csproj", "{4FC3A337-B8F9-460B-890D-4885E37233AC}"
EndProject
Project("{9A19103F-16F7-4668-BE54-9A1E7A4F7556}") = "OneI.Applicationable.Core", "Infrastructure\OneI.Applicationable.Core\OneI.Applicationable.Core.csproj", "{AB735FB7-44C3-44D7-9173-F1D12B63226B}"
EndProject
Project("{9A19103F-16F7-4668-BE54-9A1E7A4F7556}") = "OneI.Applicationable", "Infrastructure\OneI.Applicationable\OneI.Applicationable.csproj", "{F12DD5E4-9BD2-4C06-BCC4-269EE1432D43}"
EndProject
Project("{9A19103F-16F7-4668-BE54-9A1E7A4F7556}") = "OneI.Applicationable.Open", "Infrastructure\OneI.Applicationable.API\OneI.Applicationable.Open.csproj", "{F86F28F7-2DA0-4530-8FA1-58ADBAA79F8F}"
EndProject
Project("{9A19103F-16F7-4668-BE54-9A1E7A4F7556}") = "OneI.Applicationable.Open.Abstractions", "Infrastructure\OneI.Applicationable.Open.Abstractions\OneI.Applicationable.Open.Abstractions.csproj", "{4AFF04DE-2CAB-4DA2-BEDA-376CAC2D2996}"
EndProject
Project("{FAE04EC0-301F-11D3-BF4B-00C04F79EFBC}") = "OneI.Applicationable.Test.Console", "Infrastructure\OneI.Applicationable.Test.Console\OneI.Applicationable.Test.Console.csproj", "{57A52380-9723-4FA0-AEB0-1AA2965DD86C}"
EndProject
Global
	GlobalSection(SolutionConfigurationPlatforms) = preSolution
		Debug|Any CPU = Debug|Any CPU
		Release|Any CPU = Release|Any CPU
	EndGlobalSection
	GlobalSection(ProjectConfigurationPlatforms) = postSolution
		{6C3F60FD-FBB7-40C1-91ED-40E80615B35B}.Debug|Any CPU.ActiveCfg = Debug|Any CPU
		{6C3F60FD-FBB7-40C1-91ED-40E80615B35B}.Debug|Any CPU.Build.0 = Debug|Any CPU
		{6C3F60FD-FBB7-40C1-91ED-40E80615B35B}.Release|Any CPU.ActiveCfg = Release|Any CPU
		{6C3F60FD-FBB7-40C1-91ED-40E80615B35B}.Release|Any CPU.Build.0 = Release|Any CPU
		{112CA9CD-0ECD-4B68-9FA6-08A44574FEC9}.Debug|Any CPU.ActiveCfg = Debug|Any CPU
		{112CA9CD-0ECD-4B68-9FA6-08A44574FEC9}.Debug|Any CPU.Build.0 = Debug|Any CPU
		{112CA9CD-0ECD-4B68-9FA6-08A44574FEC9}.Release|Any CPU.ActiveCfg = Release|Any CPU
		{112CA9CD-0ECD-4B68-9FA6-08A44574FEC9}.Release|Any CPU.Build.0 = Release|Any CPU
		{05E822C8-92F8-49D0-A87F-2D0A5F03E9B0}.Debug|Any CPU.ActiveCfg = Debug|Any CPU
		{05E822C8-92F8-49D0-A87F-2D0A5F03E9B0}.Debug|Any CPU.Build.0 = Debug|Any CPU
		{05E822C8-92F8-49D0-A87F-2D0A5F03E9B0}.Release|Any CPU.ActiveCfg = Release|Any CPU
		{05E822C8-92F8-49D0-A87F-2D0A5F03E9B0}.Release|Any CPU.Build.0 = Release|Any CPU
		{81FE7853-EC0C-4294-9E8A-498D202147DA}.Debug|Any CPU.ActiveCfg = Debug|Any CPU
		{81FE7853-EC0C-4294-9E8A-498D202147DA}.Debug|Any CPU.Build.0 = Debug|Any CPU
		{81FE7853-EC0C-4294-9E8A-498D202147DA}.Release|Any CPU.ActiveCfg = Release|Any CPU
		{81FE7853-EC0C-4294-9E8A-498D202147DA}.Release|Any CPU.Build.0 = Release|Any CPU
		{5B1885C4-30B5-42B4-A959-8D6D83DBDB40}.Debug|Any CPU.ActiveCfg = Debug|Any CPU
		{5B1885C4-30B5-42B4-A959-8D6D83DBDB40}.Debug|Any CPU.Build.0 = Debug|Any CPU
		{5B1885C4-30B5-42B4-A959-8D6D83DBDB40}.Release|Any CPU.ActiveCfg = Release|Any CPU
		{5B1885C4-30B5-42B4-A959-8D6D83DBDB40}.Release|Any CPU.Build.0 = Release|Any CPU
		{6F26B013-38D6-4488-B618-D7E4CE4CF845}.Debug|Any CPU.ActiveCfg = Debug|Any CPU
		{6F26B013-38D6-4488-B618-D7E4CE4CF845}.Debug|Any CPU.Build.0 = Debug|Any CPU
		{6F26B013-38D6-4488-B618-D7E4CE4CF845}.Release|Any CPU.ActiveCfg = Release|Any CPU
		{6F26B013-38D6-4488-B618-D7E4CE4CF845}.Release|Any CPU.Build.0 = Release|Any CPU
		{41BB3ED3-73BB-418A-A286-B9EF6383CDEA}.Debug|Any CPU.ActiveCfg = Debug|Any CPU
		{41BB3ED3-73BB-418A-A286-B9EF6383CDEA}.Debug|Any CPU.Build.0 = Debug|Any CPU
		{41BB3ED3-73BB-418A-A286-B9EF6383CDEA}.Release|Any CPU.ActiveCfg = Release|Any CPU
		{41BB3ED3-73BB-418A-A286-B9EF6383CDEA}.Release|Any CPU.Build.0 = Release|Any CPU
		{CE13E3D0-9D81-4398-A91A-BC3D89EECFB2}.Debug|Any CPU.ActiveCfg = Debug|Any CPU
		{CE13E3D0-9D81-4398-A91A-BC3D89EECFB2}.Debug|Any CPU.Build.0 = Debug|Any CPU
		{CE13E3D0-9D81-4398-A91A-BC3D89EECFB2}.Release|Any CPU.ActiveCfg = Release|Any CPU
		{CE13E3D0-9D81-4398-A91A-BC3D89EECFB2}.Release|Any CPU.Build.0 = Release|Any CPU
		{3E84F866-9EA5-4F30-AD33-8E50FB979AC7}.Debug|Any CPU.ActiveCfg = Debug|Any CPU
		{3E84F866-9EA5-4F30-AD33-8E50FB979AC7}.Debug|Any CPU.Build.0 = Debug|Any CPU
		{3E84F866-9EA5-4F30-AD33-8E50FB979AC7}.Release|Any CPU.ActiveCfg = Release|Any CPU
		{3E84F866-9EA5-4F30-AD33-8E50FB979AC7}.Release|Any CPU.Build.0 = Release|Any CPU
		{FB2BCBF4-3F86-48BC-A806-4D9CBD141A60}.Debug|Any CPU.ActiveCfg = Debug|Any CPU
		{FB2BCBF4-3F86-48BC-A806-4D9CBD141A60}.Debug|Any CPU.Build.0 = Debug|Any CPU
		{FB2BCBF4-3F86-48BC-A806-4D9CBD141A60}.Release|Any CPU.ActiveCfg = Release|Any CPU
		{FB2BCBF4-3F86-48BC-A806-4D9CBD141A60}.Release|Any CPU.Build.0 = Release|Any CPU
		{AF5A2727-A506-4BD1-98EF-BDE045E776EC}.Debug|Any CPU.ActiveCfg = Debug|Any CPU
		{AF5A2727-A506-4BD1-98EF-BDE045E776EC}.Debug|Any CPU.Build.0 = Debug|Any CPU
		{AF5A2727-A506-4BD1-98EF-BDE045E776EC}.Release|Any CPU.ActiveCfg = Release|Any CPU
		{AF5A2727-A506-4BD1-98EF-BDE045E776EC}.Release|Any CPU.Build.0 = Release|Any CPU
		{F0CCF5AE-6E37-40D6-B4BA-508C7BAEC324}.Debug|Any CPU.ActiveCfg = Debug|Any CPU
		{F0CCF5AE-6E37-40D6-B4BA-508C7BAEC324}.Debug|Any CPU.Build.0 = Debug|Any CPU
		{F0CCF5AE-6E37-40D6-B4BA-508C7BAEC324}.Release|Any CPU.ActiveCfg = Release|Any CPU
		{F0CCF5AE-6E37-40D6-B4BA-508C7BAEC324}.Release|Any CPU.Build.0 = Release|Any CPU
		{CEEF28C4-52C2-40A6-AD90-B438E79E4DEB}.Debug|Any CPU.ActiveCfg = Debug|Any CPU
		{CEEF28C4-52C2-40A6-AD90-B438E79E4DEB}.Debug|Any CPU.Build.0 = Debug|Any CPU
		{CEEF28C4-52C2-40A6-AD90-B438E79E4DEB}.Release|Any CPU.ActiveCfg = Release|Any CPU
		{CEEF28C4-52C2-40A6-AD90-B438E79E4DEB}.Release|Any CPU.Build.0 = Release|Any CPU
		{6E557925-B0AF-45DE-BAB0-58D203B83892}.Debug|Any CPU.ActiveCfg = Debug|Any CPU
		{6E557925-B0AF-45DE-BAB0-58D203B83892}.Debug|Any CPU.Build.0 = Debug|Any CPU
		{6E557925-B0AF-45DE-BAB0-58D203B83892}.Release|Any CPU.ActiveCfg = Release|Any CPU
		{6E557925-B0AF-45DE-BAB0-58D203B83892}.Release|Any CPU.Build.0 = Release|Any CPU
		{C2F41635-786D-4F2C-A282-B4DB13918778}.Debug|Any CPU.ActiveCfg = Debug|Any CPU
		{C2F41635-786D-4F2C-A282-B4DB13918778}.Debug|Any CPU.Build.0 = Debug|Any CPU
		{C2F41635-786D-4F2C-A282-B4DB13918778}.Release|Any CPU.ActiveCfg = Release|Any CPU
		{C2F41635-786D-4F2C-A282-B4DB13918778}.Release|Any CPU.Build.0 = Release|Any CPU
		{5C53F91B-52D1-4F08-84D8-D7A3F2ABB877}.Debug|Any CPU.ActiveCfg = Debug|Any CPU
		{5C53F91B-52D1-4F08-84D8-D7A3F2ABB877}.Debug|Any CPU.Build.0 = Debug|Any CPU
		{5C53F91B-52D1-4F08-84D8-D7A3F2ABB877}.Release|Any CPU.ActiveCfg = Release|Any CPU
		{5C53F91B-52D1-4F08-84D8-D7A3F2ABB877}.Release|Any CPU.Build.0 = Release|Any CPU
		{F28B5A44-A09C-49ED-92C0-F57EABB6F4BD}.Debug|Any CPU.ActiveCfg = Debug|Any CPU
		{F28B5A44-A09C-49ED-92C0-F57EABB6F4BD}.Debug|Any CPU.Build.0 = Debug|Any CPU
		{F28B5A44-A09C-49ED-92C0-F57EABB6F4BD}.Release|Any CPU.ActiveCfg = Release|Any CPU
		{F28B5A44-A09C-49ED-92C0-F57EABB6F4BD}.Release|Any CPU.Build.0 = Release|Any CPU
		{B4F6BAD5-E5F2-486C-8F17-DDA266257910}.Debug|Any CPU.ActiveCfg = Debug|Any CPU
		{B4F6BAD5-E5F2-486C-8F17-DDA266257910}.Debug|Any CPU.Build.0 = Debug|Any CPU
		{B4F6BAD5-E5F2-486C-8F17-DDA266257910}.Release|Any CPU.ActiveCfg = Release|Any CPU
		{B4F6BAD5-E5F2-486C-8F17-DDA266257910}.Release|Any CPU.Build.0 = Release|Any CPU
		{A0435BE3-4F0C-44B5-AD54-1E0C55FF7BBB}.Debug|Any CPU.ActiveCfg = Debug|Any CPU
		{A0435BE3-4F0C-44B5-AD54-1E0C55FF7BBB}.Debug|Any CPU.Build.0 = Debug|Any CPU
		{A0435BE3-4F0C-44B5-AD54-1E0C55FF7BBB}.Release|Any CPU.ActiveCfg = Release|Any CPU
		{A0435BE3-4F0C-44B5-AD54-1E0C55FF7BBB}.Release|Any CPU.Build.0 = Release|Any CPU
		{7968CAB3-D2D0-4E1A-A067-35C2355D5699}.Debug|Any CPU.ActiveCfg = Debug|Any CPU
		{7968CAB3-D2D0-4E1A-A067-35C2355D5699}.Debug|Any CPU.Build.0 = Debug|Any CPU
		{7968CAB3-D2D0-4E1A-A067-35C2355D5699}.Release|Any CPU.ActiveCfg = Release|Any CPU
		{7968CAB3-D2D0-4E1A-A067-35C2355D5699}.Release|Any CPU.Build.0 = Release|Any CPU
		{2346F13B-3FBE-484E-9DE5-D34B6EEC22BA}.Debug|Any CPU.ActiveCfg = Debug|Any CPU
		{2346F13B-3FBE-484E-9DE5-D34B6EEC22BA}.Debug|Any CPU.Build.0 = Debug|Any CPU
		{2346F13B-3FBE-484E-9DE5-D34B6EEC22BA}.Release|Any CPU.ActiveCfg = Release|Any CPU
		{2346F13B-3FBE-484E-9DE5-D34B6EEC22BA}.Release|Any CPU.Build.0 = Release|Any CPU
		{23F07477-F861-4CBC-8548-A58AC5FCAC82}.Debug|Any CPU.ActiveCfg = Debug|Any CPU
		{23F07477-F861-4CBC-8548-A58AC5FCAC82}.Debug|Any CPU.Build.0 = Debug|Any CPU
		{23F07477-F861-4CBC-8548-A58AC5FCAC82}.Release|Any CPU.ActiveCfg = Release|Any CPU
		{23F07477-F861-4CBC-8548-A58AC5FCAC82}.Release|Any CPU.Build.0 = Release|Any CPU
		{10605F6B-C747-4568-A823-64D56D9AE54B}.Debug|Any CPU.ActiveCfg = Debug|Any CPU
		{10605F6B-C747-4568-A823-64D56D9AE54B}.Debug|Any CPU.Build.0 = Debug|Any CPU
		{10605F6B-C747-4568-A823-64D56D9AE54B}.Release|Any CPU.ActiveCfg = Release|Any CPU
		{10605F6B-C747-4568-A823-64D56D9AE54B}.Release|Any CPU.Build.0 = Release|Any CPU
		{4114B86D-1099-4853-B816-B91DBD529A44}.Debug|Any CPU.ActiveCfg = Debug|Any CPU
		{4114B86D-1099-4853-B816-B91DBD529A44}.Debug|Any CPU.Build.0 = Debug|Any CPU
		{4114B86D-1099-4853-B816-B91DBD529A44}.Release|Any CPU.ActiveCfg = Release|Any CPU
		{4114B86D-1099-4853-B816-B91DBD529A44}.Release|Any CPU.Build.0 = Release|Any CPU
		{A1A0440F-ABE9-45BD-A28B-B2E35ED5FDF8}.Debug|Any CPU.ActiveCfg = Debug|Any CPU
		{A1A0440F-ABE9-45BD-A28B-B2E35ED5FDF8}.Debug|Any CPU.Build.0 = Debug|Any CPU
		{A1A0440F-ABE9-45BD-A28B-B2E35ED5FDF8}.Release|Any CPU.ActiveCfg = Release|Any CPU
		{A1A0440F-ABE9-45BD-A28B-B2E35ED5FDF8}.Release|Any CPU.Build.0 = Release|Any CPU
		{D922C6A8-400A-4B5A-BAB7-EF3A93B1CFE7}.Debug|Any CPU.ActiveCfg = Debug|Any CPU
		{D922C6A8-400A-4B5A-BAB7-EF3A93B1CFE7}.Debug|Any CPU.Build.0 = Debug|Any CPU
		{D922C6A8-400A-4B5A-BAB7-EF3A93B1CFE7}.Release|Any CPU.ActiveCfg = Release|Any CPU
		{D922C6A8-400A-4B5A-BAB7-EF3A93B1CFE7}.Release|Any CPU.Build.0 = Release|Any CPU
		{1A4011FF-EC9B-45EC-A45B-E237F2DCF663}.Debug|Any CPU.ActiveCfg = Debug|Any CPU
		{1A4011FF-EC9B-45EC-A45B-E237F2DCF663}.Debug|Any CPU.Build.0 = Debug|Any CPU
		{1A4011FF-EC9B-45EC-A45B-E237F2DCF663}.Release|Any CPU.ActiveCfg = Release|Any CPU
		{1A4011FF-EC9B-45EC-A45B-E237F2DCF663}.Release|Any CPU.Build.0 = Release|Any CPU
		{29707651-4C78-40BD-B755-9CD62B0ECD4B}.Debug|Any CPU.ActiveCfg = Debug|Any CPU
		{29707651-4C78-40BD-B755-9CD62B0ECD4B}.Debug|Any CPU.Build.0 = Debug|Any CPU
		{29707651-4C78-40BD-B755-9CD62B0ECD4B}.Release|Any CPU.ActiveCfg = Release|Any CPU
		{29707651-4C78-40BD-B755-9CD62B0ECD4B}.Release|Any CPU.Build.0 = Release|Any CPU
		{1694A575-AD5A-4062-B304-68181211566B}.Debug|Any CPU.ActiveCfg = Debug|Any CPU
		{1694A575-AD5A-4062-B304-68181211566B}.Debug|Any CPU.Build.0 = Debug|Any CPU
		{1694A575-AD5A-4062-B304-68181211566B}.Release|Any CPU.ActiveCfg = Release|Any CPU
		{1694A575-AD5A-4062-B304-68181211566B}.Release|Any CPU.Build.0 = Release|Any CPU
		{4FC3A337-B8F9-460B-890D-4885E37233AC}.Debug|Any CPU.ActiveCfg = Debug|Any CPU
		{4FC3A337-B8F9-460B-890D-4885E37233AC}.Debug|Any CPU.Build.0 = Debug|Any CPU
		{4FC3A337-B8F9-460B-890D-4885E37233AC}.Release|Any CPU.ActiveCfg = Release|Any CPU
		{4FC3A337-B8F9-460B-890D-4885E37233AC}.Release|Any CPU.Build.0 = Release|Any CPU
		{AB735FB7-44C3-44D7-9173-F1D12B63226B}.Debug|Any CPU.ActiveCfg = Debug|Any CPU
		{AB735FB7-44C3-44D7-9173-F1D12B63226B}.Debug|Any CPU.Build.0 = Debug|Any CPU
		{AB735FB7-44C3-44D7-9173-F1D12B63226B}.Release|Any CPU.ActiveCfg = Release|Any CPU
		{AB735FB7-44C3-44D7-9173-F1D12B63226B}.Release|Any CPU.Build.0 = Release|Any CPU
		{F12DD5E4-9BD2-4C06-BCC4-269EE1432D43}.Debug|Any CPU.ActiveCfg = Debug|Any CPU
		{F12DD5E4-9BD2-4C06-BCC4-269EE1432D43}.Debug|Any CPU.Build.0 = Debug|Any CPU
		{F12DD5E4-9BD2-4C06-BCC4-269EE1432D43}.Release|Any CPU.ActiveCfg = Release|Any CPU
		{F12DD5E4-9BD2-4C06-BCC4-269EE1432D43}.Release|Any CPU.Build.0 = Release|Any CPU
		{F86F28F7-2DA0-4530-8FA1-58ADBAA79F8F}.Debug|Any CPU.ActiveCfg = Debug|Any CPU
		{F86F28F7-2DA0-4530-8FA1-58ADBAA79F8F}.Debug|Any CPU.Build.0 = Debug|Any CPU
		{F86F28F7-2DA0-4530-8FA1-58ADBAA79F8F}.Release|Any CPU.ActiveCfg = Release|Any CPU
		{F86F28F7-2DA0-4530-8FA1-58ADBAA79F8F}.Release|Any CPU.Build.0 = Release|Any CPU
		{4AFF04DE-2CAB-4DA2-BEDA-376CAC2D2996}.Debug|Any CPU.ActiveCfg = Debug|Any CPU
		{4AFF04DE-2CAB-4DA2-BEDA-376CAC2D2996}.Debug|Any CPU.Build.0 = Debug|Any CPU
		{4AFF04DE-2CAB-4DA2-BEDA-376CAC2D2996}.Release|Any CPU.ActiveCfg = Release|Any CPU
		{4AFF04DE-2CAB-4DA2-BEDA-376CAC2D2996}.Release|Any CPU.Build.0 = Release|Any CPU
		{57A52380-9723-4FA0-AEB0-1AA2965DD86C}.Debug|Any CPU.ActiveCfg = Debug|Any CPU
		{57A52380-9723-4FA0-AEB0-1AA2965DD86C}.Debug|Any CPU.Build.0 = Debug|Any CPU
		{57A52380-9723-4FA0-AEB0-1AA2965DD86C}.Release|Any CPU.ActiveCfg = Release|Any CPU
		{57A52380-9723-4FA0-AEB0-1AA2965DD86C}.Release|Any CPU.Build.0 = Release|Any CPU
	EndGlobalSection
	GlobalSection(SolutionProperties) = preSolution
		HideSolutionNode = FALSE
	EndGlobalSection
	GlobalSection(NestedProjects) = preSolution
		{6C3F60FD-FBB7-40C1-91ED-40E80615B35B} = {C2F8B1B1-8C2A-4CE8-928A-B960041F8699}
		{C2F8B1B1-8C2A-4CE8-928A-B960041F8699} = {26105688-0978-4523-BD3D-84D76F1AA0A0}
		{112CA9CD-0ECD-4B68-9FA6-08A44574FEC9} = {C2F8B1B1-8C2A-4CE8-928A-B960041F8699}
		{05E822C8-92F8-49D0-A87F-2D0A5F03E9B0} = {926780AD-71CA-4EDC-9DAB-5E23AEF9F4FF}
		{81FE7853-EC0C-4294-9E8A-498D202147DA} = {C2F8B1B1-8C2A-4CE8-928A-B960041F8699}
		{5B1885C4-30B5-42B4-A959-8D6D83DBDB40} = {926780AD-71CA-4EDC-9DAB-5E23AEF9F4FF}
		{6F26B013-38D6-4488-B618-D7E4CE4CF845} = {926780AD-71CA-4EDC-9DAB-5E23AEF9F4FF}
		{41BB3ED3-73BB-418A-A286-B9EF6383CDEA} = {C2F8B1B1-8C2A-4CE8-928A-B960041F8699}
		{FCF4D373-C63B-41A0-A3F7-935189A7CE68} = {26105688-0978-4523-BD3D-84D76F1AA0A0}
		{CE13E3D0-9D81-4398-A91A-BC3D89EECFB2} = {FCF4D373-C63B-41A0-A3F7-935189A7CE68}
		{3E84F866-9EA5-4F30-AD33-8E50FB979AC7} = {FCF4D373-C63B-41A0-A3F7-935189A7CE68}
		{FB2BCBF4-3F86-48BC-A806-4D9CBD141A60} = {FCF4D373-C63B-41A0-A3F7-935189A7CE68}
		{AF5A2727-A506-4BD1-98EF-BDE045E776EC} = {FCF4D373-C63B-41A0-A3F7-935189A7CE68}
		{F0CCF5AE-6E37-40D6-B4BA-508C7BAEC324} = {FCF4D373-C63B-41A0-A3F7-935189A7CE68}
		{CEEF28C4-52C2-40A6-AD90-B438E79E4DEB} = {FCF4D373-C63B-41A0-A3F7-935189A7CE68}
		{6E557925-B0AF-45DE-BAB0-58D203B83892} = {FCF4D373-C63B-41A0-A3F7-935189A7CE68}
		{C2F41635-786D-4F2C-A282-B4DB13918778} = {6FCD5C17-C5C5-41F2-8C47-88BEEC0FE9FF}
		{6FCD5C17-C5C5-41F2-8C47-88BEEC0FE9FF} = {26105688-0978-4523-BD3D-84D76F1AA0A0}
		{5C53F91B-52D1-4F08-84D8-D7A3F2ABB877} = {6FCD5C17-C5C5-41F2-8C47-88BEEC0FE9FF}
		{F28B5A44-A09C-49ED-92C0-F57EABB6F4BD} = {FCF4D373-C63B-41A0-A3F7-935189A7CE68}
		{48118014-CAD0-4D3F-8AB7-A338461FB352} = {26105688-0978-4523-BD3D-84D76F1AA0A0}
		{B4F6BAD5-E5F2-486C-8F17-DDA266257910} = {48118014-CAD0-4D3F-8AB7-A338461FB352}
		{A0435BE3-4F0C-44B5-AD54-1E0C55FF7BBB} = {48118014-CAD0-4D3F-8AB7-A338461FB352}
		{BC806539-8E52-4D66-8BC4-963E49E28E68} = {4A002385-E86A-43D0-9272-16FC438A0800}
		{FCD0620D-0B5E-4B29-9157-AAC3064B0417} = {4A002385-E86A-43D0-9272-16FC438A0800}
		{92B1A1AE-B07B-4176-B4DD-12B847C71451} = {4A002385-E86A-43D0-9272-16FC438A0800}
		{812C5271-149D-4787-816F-CC89C8F16630} = {4A002385-E86A-43D0-9272-16FC438A0800}
		{7968CAB3-D2D0-4E1A-A067-35C2355D5699} = {FCF4D373-C63B-41A0-A3F7-935189A7CE68}
		{2346F13B-3FBE-484E-9DE5-D34B6EEC22BA} = {FCF4D373-C63B-41A0-A3F7-935189A7CE68}
		{23F07477-F861-4CBC-8548-A58AC5FCAC82} = {FCF4D373-C63B-41A0-A3F7-935189A7CE68}
		{5787A01F-C5BF-44F0-9734-C41B3107BD98} = {26105688-0978-4523-BD3D-84D76F1AA0A0}
		{10605F6B-C747-4568-A823-64D56D9AE54B} = {5787A01F-C5BF-44F0-9734-C41B3107BD98}
		{4114B86D-1099-4853-B816-B91DBD529A44} = {5787A01F-C5BF-44F0-9734-C41B3107BD98}
		{A1A0440F-ABE9-45BD-A28B-B2E35ED5FDF8} = {5787A01F-C5BF-44F0-9734-C41B3107BD98}
		{D922C6A8-400A-4B5A-BAB7-EF3A93B1CFE7} = {93A923FB-DF91-46ED-84D7-861EAD083816}
		{93A923FB-DF91-46ED-84D7-861EAD083816} = {26105688-0978-4523-BD3D-84D76F1AA0A0}
		{1A4011FF-EC9B-45EC-A45B-E237F2DCF663} = {FCF4D373-C63B-41A0-A3F7-935189A7CE68}
		{29707651-4C78-40BD-B755-9CD62B0ECD4B} = {5787A01F-C5BF-44F0-9734-C41B3107BD98}
		{1694A575-AD5A-4062-B304-68181211566B} = {93A923FB-DF91-46ED-84D7-861EAD083816}
		{4FC3A337-B8F9-460B-890D-4885E37233AC} = {93A923FB-DF91-46ED-84D7-861EAD083816}
		{AB735FB7-44C3-44D7-9173-F1D12B63226B} = {93A923FB-DF91-46ED-84D7-861EAD083816}
		{F12DD5E4-9BD2-4C06-BCC4-269EE1432D43} = {93A923FB-DF91-46ED-84D7-861EAD083816}
		{F86F28F7-2DA0-4530-8FA1-58ADBAA79F8F} = {93A923FB-DF91-46ED-84D7-861EAD083816}
		{4AFF04DE-2CAB-4DA2-BEDA-376CAC2D2996} = {93A923FB-DF91-46ED-84D7-861EAD083816}
		{57A52380-9723-4FA0-AEB0-1AA2965DD86C} = {93A923FB-DF91-46ED-84D7-861EAD083816}
	EndGlobalSection
	GlobalSection(ExtensibilityGlobals) = postSolution
		SolutionGuid = {0E42F812-6AC8-43D9-A0BC-0F1E8A4F17A5}
	EndGlobalSection
EndGlobal
